# This file is generated by running "yarn install" inside your project.
# Manual changes might be lost - proceed with caution!

__metadata:
  version: 6
  cacheKey: 8

"@actions/cache@npm:3.3.0":
  version: 3.3.0
  resolution: "@actions/cache@npm:3.3.0"
  dependencies:
    "@actions/core": ^1.11.1
    "@actions/exec": ^1.0.1
    "@actions/glob": ^0.1.0
    "@actions/http-client": ^2.1.1
    "@actions/io": ^1.0.1
    "@azure/abort-controller": ^1.1.0
    "@azure/ms-rest-js": ^2.6.0
    "@azure/storage-blob": ^12.13.0
    semver: ^6.3.1
  checksum: f0761b1491b7706a80b44d68ed52eb48c04653fc939525a7c7b606e9d9251c40c7e4ac20846ab92ac32db6869e1a6f0f574bd6b7fec1ab9378c8e199c5acc9c9
  languageName: node
  linkType: hard

"@actions/core@npm:^1.11.1":
  version: 1.11.1
  resolution: "@actions/core@npm:1.11.1"
  dependencies:
    "@actions/exec": ^1.1.1
    "@actions/http-client": ^2.0.1
  checksum: 9ac7a3e0b478bfefd862dcb4ddaa1d8c3f9076bb1931d3d280918d1749e7783480c6a009c1b009c8bf5093e2d77d9f4e023d70416145bf246f0071736d4ef839
  languageName: node
  linkType: hard

"@actions/core@npm:^1.2.6":
  version: 1.10.1
  resolution: "@actions/core@npm:1.10.1"
  dependencies:
    "@actions/http-client": ^2.0.1
    uuid: ^8.3.2
  checksum: 96524c2725e70e3c3176b4e4d93a1358a86f3c5ca777db9a2f65eadfa672f00877db359bf60fffc416c33838ffb4743db93bcc5bf53e76199dd28bf7f7ff8e80
  languageName: node
  linkType: hard

"@actions/exec@npm:^1.0.1, @actions/exec@npm:^1.1.1":
  version: 1.1.1
  resolution: "@actions/exec@npm:1.1.1"
  dependencies:
    "@actions/io": ^1.0.1
  checksum: d976e66dd51ab03d76a143da8e1406daa1bcdee06046168e6e0bec681c87a12999eefaad7a81cb81f28e4190610f55a58b8458ae4b82cbaaba13200490f4e8c2
  languageName: node
  linkType: hard

"@actions/glob@npm:^0.1.0":
  version: 0.1.2
  resolution: "@actions/glob@npm:0.1.2"
  dependencies:
    "@actions/core": ^1.2.6
    minimatch: ^3.0.4
  checksum: 655532d35a47ccf4240d3c682f5e9591b61f07c8e382bedcf6fb4ace5b67b6cdf3043004d93d8b6e6342fb33a2e97eba3e76c8b5cc9b8ea1b89bf6857803f19a
  languageName: node
  linkType: hard

"@actions/http-client@npm:^2.0.1, @actions/http-client@npm:^2.1.1":
  version: 2.2.1
  resolution: "@actions/http-client@npm:2.2.1"
  dependencies:
    tunnel: ^0.0.6
    undici: ^5.25.4
  checksum: c51c003cd697289136c0e81c0f9b8e57a9bb1a038dc7c9a91a71c02f4ae5e27ef7d3e305aefa7c815604049209d114c06e9991a5c5eaa055508519329267f962
  languageName: node
  linkType: hard

"@actions/io@npm:^1.0.1":
  version: 1.1.3
  resolution: "@actions/io@npm:1.1.3"
  checksum: 42841ac2b8a7afb29456b9edb5534dbe00148893c794bdbc17d29166847c51c884e2a7c087a489a428250a78e7b54bc761ba3b55eb2f97d9600e9193b60caf0b
  languageName: node
  linkType: hard

"@azure/abort-controller@npm:^1.0.0, @azure/abort-controller@npm:^1.1.0":
  version: 1.1.0
  resolution: "@azure/abort-controller@npm:1.1.0"
  dependencies:
    tslib: ^2.2.0
  checksum: 0f45e504d4aea799486867179afe7589255f6c111951279958e9d0aa5faebb2c96b8f88e3e3c958ce07b02bcba0b0cddb1bbec94705f573a48ecdb93eec1a92a
  languageName: node
  linkType: hard

"@azure/abort-controller@npm:^2.0.0":
  version: 2.1.2
  resolution: "@azure/abort-controller@npm:2.1.2"
  dependencies:
    tslib: ^2.6.2
  checksum: 22176c04ea01498311c6bbd336669f6e3faffad1cbb0c9ebc6ee9c1ff2cf958fd17ce73c7354b99d8bda9fcd311325ece7bee248875279174e3fc460e8b1a63d
  languageName: node
  linkType: hard

"@azure/core-auth@npm:^1.1.4, @azure/core-auth@npm:^1.4.0":
  version: 1.7.2
  resolution: "@azure/core-auth@npm:1.7.2"
  dependencies:
    "@azure/abort-controller": ^2.0.0
    "@azure/core-util": ^1.1.0
    tslib: ^2.6.2
  checksum: dcbba47f32e4cc929e078fd5d714af43185f3781ff5c19f01cba9e0d9078690e716be8172dd77a13aa3a81380d338a678b974bc5cbaa2e0d8629fb262ee3f0df
  languageName: node
  linkType: hard

"@azure/core-client@npm:^1.3.0, @azure/core-client@npm:^1.6.2":
  version: 1.9.2
  resolution: "@azure/core-client@npm:1.9.2"
  dependencies:
    "@azure/abort-controller": ^2.0.0
    "@azure/core-auth": ^1.4.0
    "@azure/core-rest-pipeline": ^1.9.1
    "@azure/core-tracing": ^1.0.0
    "@azure/core-util": ^1.6.1
    "@azure/logger": ^1.0.0
    tslib: ^2.6.2
  checksum: 961b829dfda4f734a763e9480a2ea622a7031ba2da4126d0add6e351a9f73ddc5782bf2b766735d976b61da3857014e0a90223d1f85d1c68468747a7a56851c3
  languageName: node
  linkType: hard

"@azure/core-http-compat@npm:^2.0.0":
  version: 2.1.2
  resolution: "@azure/core-http-compat@npm:2.1.2"
  dependencies:
    "@azure/abort-controller": ^2.0.0
    "@azure/core-client": ^1.3.0
    "@azure/core-rest-pipeline": ^1.3.0
  checksum: 387d0187607d95a6876f63d4b689210bce6ad243f48e56413136ba3875a8a9c4e238813307fb0cf0c53298f4b9d0893d04321c9331812bc74cf0f4e3e6872069
  languageName: node
  linkType: hard

"@azure/core-lro@npm:^2.2.0":
  version: 2.7.2
  resolution: "@azure/core-lro@npm:2.7.2"
  dependencies:
    "@azure/abort-controller": ^2.0.0
    "@azure/core-util": ^1.2.0
    "@azure/logger": ^1.0.0
    tslib: ^2.6.2
  checksum: dc2e5bbb004a86704bcf584422cd099b7a6beef57ce6501afacced65f4f3b5fbba57a2439f701687237867552a661fd6568f8b3c9e3eacdfd9039004772f85b0
  languageName: node
  linkType: hard

"@azure/core-paging@npm:^1.1.1":
  version: 1.6.2
  resolution: "@azure/core-paging@npm:1.6.2"
  dependencies:
    tslib: ^2.6.2
  checksum: 4b57f953998473ee784c3ea774a8b54f4be0ec239bd43cbabe28113ca18f141455289713302d4fcd802898dd7ab58380ff575b7ce9400ec1ec20c505791c0b25
  languageName: node
  linkType: hard

"@azure/core-rest-pipeline@npm:^1.10.1, @azure/core-rest-pipeline@npm:^1.3.0, @azure/core-rest-pipeline@npm:^1.9.1":
  version: 1.16.0
  resolution: "@azure/core-rest-pipeline@npm:1.16.0"
  dependencies:
    "@azure/abort-controller": ^2.0.0
    "@azure/core-auth": ^1.4.0
    "@azure/core-tracing": ^1.0.1
    "@azure/core-util": ^1.9.0
    "@azure/logger": ^1.0.0
    http-proxy-agent: ^7.0.0
    https-proxy-agent: ^7.0.0
    tslib: ^2.6.2
  checksum: ebb4597d18c0d75a6bf699e90c40247d8e1117498462c6e00bd83694cf65efaab16d3324e28d9e01b187242aa3788ba24ab2729632933731e991eaf6f70343d7
  languageName: node
  linkType: hard

"@azure/core-tracing@npm:^1.0.0, @azure/core-tracing@npm:^1.0.1":
  version: 1.1.2
  resolution: "@azure/core-tracing@npm:1.1.2"
  dependencies:
    tslib: ^2.6.2
  checksum: dc4133115051460748e281c80fdf90a6052350e558716f1afef4b3f8973c4fdd93538ba99c58613b390e9013d0c738108a0155e1903bbbdd8f7910a7a3be1c21
  languageName: node
  linkType: hard

"@azure/core-util@npm:^1.1.0, @azure/core-util@npm:^1.2.0, @azure/core-util@npm:^1.6.1, @azure/core-util@npm:^1.9.0":
  version: 1.9.0
  resolution: "@azure/core-util@npm:1.9.0"
  dependencies:
    "@azure/abort-controller": ^2.0.0
    tslib: ^2.6.2
  checksum: 9246dc5bd246e7b94883ea8130fce04e2f22abd1e94afcff7a3e92a4c2da5e9b382dbf89a606b21d70bc8b01c7c89c84e803ca9da27f78d87f72bdff91ec7380
  languageName: node
  linkType: hard

"@azure/core-xml@npm:^1.3.2":
  version: 1.4.2
  resolution: "@azure/core-xml@npm:1.4.2"
  dependencies:
    fast-xml-parser: ^4.3.2
    tslib: ^2.6.2
  checksum: f3815db55f0280db6080a3fc5b6187ad45cacf5c3842ea806a5565886edf2ebf2fa9fc1175407cf58d462341962a8396513943543b332b37b313ac3a79dc28fa
  languageName: node
  linkType: hard

"@azure/logger@npm:^1.0.0":
  version: 1.1.2
  resolution: "@azure/logger@npm:1.1.2"
  dependencies:
    tslib: ^2.6.2
  checksum: 70a777125e972e4de5bb82d3d5c7dd6422399d16421c0af65169c0d4cbcbc1ce8b3eab8bf1e867e1fb67759b4c5e733e2ce102ff3f39ab6dab270766b9367c68
  languageName: node
  linkType: hard

"@azure/ms-rest-js@npm:^2.6.0":
  version: 2.7.0
  resolution: "@azure/ms-rest-js@npm:2.7.0"
  dependencies:
    "@azure/core-auth": ^1.1.4
    abort-controller: ^3.0.0
    form-data: ^2.5.0
    node-fetch: ^2.6.7
    tslib: ^1.10.0
    tunnel: 0.0.6
    uuid: ^8.3.2
    xml2js: ^0.5.0
  checksum: 38434010f3fc54a625f637a7758358d7ce0ad3e55ce9a6c7490bf05bbec8ea75ae95fe80041d2376beb3ef78ee6e55858bd0541477d7a88703246e368cfd59c1
  languageName: node
  linkType: hard

"@azure/storage-blob@npm:^12.13.0":
  version: 12.23.0
  resolution: "@azure/storage-blob@npm:12.23.0"
  dependencies:
    "@azure/abort-controller": ^1.0.0
    "@azure/core-auth": ^1.4.0
    "@azure/core-client": ^1.6.2
    "@azure/core-http-compat": ^2.0.0
    "@azure/core-lro": ^2.2.0
    "@azure/core-paging": ^1.1.1
    "@azure/core-rest-pipeline": ^1.10.1
    "@azure/core-tracing": ^1.0.0
    "@azure/core-util": ^1.6.1
    "@azure/core-xml": ^1.3.2
    "@azure/logger": ^1.0.0
    events: ^3.0.0
    tslib: ^2.2.0
  checksum: 7f09b4bfae0d73f7cf8f383038edeaf8bc8610960bc24a9b8c140f4084bb3afd62971fb56e2ff5e013168165dcfff7b9a545f6cc837fe2669618184e4b77c107
  languageName: node
  linkType: hard

"@fastify/busboy@npm:^2.0.0":
  version: 2.1.1
  resolution: "@fastify/busboy@npm:2.1.1"
  checksum: 42c32ef75e906c9a4809c1e1930a5ca6d4ddc8d138e1a8c8ba5ea07f997db32210617d23b2e4a85fe376316a41a1a0439fc6ff2dedf5126d96f45a9d80754fb2
  languageName: node
  linkType: hard

"@isaacs/cliui@npm:^8.0.2":
  version: 8.0.2
  resolution: "@isaacs/cliui@npm:8.0.2"
  dependencies:
    string-width: ^5.1.2
    string-width-cjs: "npm:string-width@^4.2.0"
    strip-ansi: ^7.0.1
    strip-ansi-cjs: "npm:strip-ansi@^6.0.1"
    wrap-ansi: ^8.1.0
    wrap-ansi-cjs: "npm:wrap-ansi@^7.0.0"
  checksum: 4a473b9b32a7d4d3cfb7a614226e555091ff0c5a29a1734c28c72a182c2f6699b26fc6b5c2131dfd841e86b185aea714c72201d7c98c2fba5f17709333a67aeb
  languageName: node
  linkType: hard

"@pkgjs/parseargs@npm:^0.11.0":
  version: 0.11.0
  resolution: "@pkgjs/parseargs@npm:0.11.0"
  checksum: 6ad6a00fc4f2f2cfc6bff76fb1d88b8ee20bc0601e18ebb01b6d4be583733a860239a521a7fbca73b612e66705078809483549d2b18f370eb346c5155c8e4a0f
  languageName: node
  linkType: hard

"abort-controller@npm:^3.0.0":
  version: 3.0.0
  resolution: "abort-controller@npm:3.0.0"
  dependencies:
    event-target-shim: ^5.0.0
  checksum: 170bdba9b47b7e65906a28c8ce4f38a7a369d78e2271706f020849c1bfe0ee2067d4261df8bbb66eb84f79208fd5b710df759d64191db58cfba7ce8ef9c54b75
  languageName: node
  linkType: hard

"agent-base@npm:^7.0.2, agent-base@npm:^7.1.0":
  version: 7.1.1
  resolution: "agent-base@npm:7.1.1"
  dependencies:
    debug: ^4.3.4
  checksum: 51c158769c5c051482f9ca2e6e1ec085ac72b5a418a9b31b4e82fe6c0a6699adb94c1c42d246699a587b3335215037091c79e0de512c516f73b6ea844202f037
  languageName: node
  linkType: hard

"ansi-regex@npm:^5.0.1":
  version: 5.0.1
  resolution: "ansi-regex@npm:5.0.1"
  checksum: 2aa4bb54caf2d622f1afdad09441695af2a83aa3fe8b8afa581d205e57ed4261c183c4d3877cee25794443fde5876417d859c108078ab788d6af7e4fe52eb66b
  languageName: node
  linkType: hard

"ansi-regex@npm:^6.0.1":
  version: 6.0.1
  resolution: "ansi-regex@npm:6.0.1"
  checksum: 1ff8b7667cded1de4fa2c9ae283e979fc87036864317da86a2e546725f96406746411d0d85e87a2d12fa5abd715d90006de7fa4fa0477c92321ad3b4c7d4e169
  languageName: node
  linkType: hard

"ansi-styles@npm:^4.0.0":
  version: 4.3.0
  resolution: "ansi-styles@npm:4.3.0"
  dependencies:
    color-convert: ^2.0.1
  checksum: 513b44c3b2105dd14cc42a19271e80f386466c4be574bccf60b627432f9198571ebf4ab1e4c3ba17347658f4ee1711c163d574248c0c1cdc2d5917a0ad582ec4
  languageName: node
  linkType: hard

"ansi-styles@npm:^6.1.0":
  version: 6.2.1
  resolution: "ansi-styles@npm:6.2.1"
  checksum: ef940f2f0ced1a6347398da88a91da7930c33ecac3c77b72c5905f8b8fe402c52e6fde304ff5347f616e27a742da3f1dc76de98f6866c69251ad0b07a66776d9
  languageName: node
  linkType: hard

"asynckit@npm:^0.4.0":
  version: 0.4.0
  resolution: "asynckit@npm:0.4.0"
  checksum: 7b78c451df768adba04e2d02e63e2d0bf3b07adcd6e42b4cf665cb7ce899bedd344c69a1dcbce355b5f972d597b25aaa1c1742b52cffd9caccb22f348114f6be
  languageName: node
  linkType: hard

"balanced-match@npm:^1.0.0":
  version: 1.0.2
  resolution: "balanced-match@npm:1.0.2"
  checksum: 9706c088a283058a8a99e0bf91b0a2f75497f185980d9ffa8b304de1d9e58ebda7c72c07ebf01dadedaac5b2907b2c6f566f660d62bd336c3468e960403b9d65
  languageName: node
  linkType: hard

"brace-expansion@npm:^1.1.7":
  version: 1.1.11
  resolution: "brace-expansion@npm:1.1.11"
  dependencies:
    balanced-match: ^1.0.0
    concat-map: 0.0.1
  checksum: faf34a7bb0c3fcf4b59c7808bc5d2a96a40988addf2e7e09dfbb67a2251800e0d14cd2bfc1aa79174f2f5095c54ff27f46fb1289fe2d77dac755b5eb3434cc07
  languageName: node
  linkType: hard

"brace-expansion@npm:^2.0.1":
  version: 2.0.1
  resolution: "brace-expansion@npm:2.0.1"
  dependencies:
    balanced-match: ^1.0.0
  checksum: a61e7cd2e8a8505e9f0036b3b6108ba5e926b4b55089eeb5550cd04a471fe216c96d4fe7e4c7f995c728c554ae20ddfc4244cad10aef255e72b62930afd233d1
  languageName: node
  linkType: hard

"color-convert@npm:^2.0.1":
  version: 2.0.1
  resolution: "color-convert@npm:2.0.1"
  dependencies:
    color-name: ~1.1.4
  checksum: 79e6bdb9fd479a205c71d89574fccfb22bd9053bd98c6c4d870d65c132e5e904e6034978e55b43d69fcaa7433af2016ee203ce76eeba9cfa554b373e7f7db336
  languageName: node
  linkType: hard

"color-name@npm:~1.1.4":
  version: 1.1.4
  resolution: "color-name@npm:1.1.4"
  checksum: b0445859521eb4021cd0fb0cc1a75cecf67fceecae89b63f62b201cca8d345baf8b952c966862a9d9a2632987d4f6581f0ec8d957dfacece86f0a7919316f610
  languageName: node
  linkType: hard

"combined-stream@npm:^1.0.6":
  version: 1.0.8
  resolution: "combined-stream@npm:1.0.8"
  dependencies:
    delayed-stream: ~1.0.0
  checksum: 49fa4aeb4916567e33ea81d088f6584749fc90c7abec76fd516bf1c5aa5c79f3584b5ba3de6b86d26ddd64bae5329c4c7479343250cfe71c75bb366eae53bb7c
  languageName: node
  linkType: hard

"concat-map@npm:0.0.1":
  version: 0.0.1
  resolution: "concat-map@npm:0.0.1"
  checksum: 902a9f5d8967a3e2faf138d5cb784b9979bad2e6db5357c5b21c568df4ebe62bcb15108af1b2253744844eb964fc023fbd9afbbbb6ddd0bcc204c6fb5b7bf3af
  languageName: node
  linkType: hard

"cross-spawn@npm:^7.0.0":
  version: 7.0.3
  resolution: "cross-spawn@npm:7.0.3"
  dependencies:
    path-key: ^3.1.0
    shebang-command: ^2.0.0
    which: ^2.0.1
  checksum: 671cc7c7288c3a8406f3c69a3ae2fc85555c04169e9d611def9a675635472614f1c0ed0ef80955d5b6d4e724f6ced67f0ad1bb006c2ea643488fcfef994d7f52
  languageName: node
  linkType: hard

"debug@npm:4, debug@npm:^4.3.4":
  version: 4.3.5
  resolution: "debug@npm:4.3.5"
  dependencies:
    ms: 2.1.2
  peerDependenciesMeta:
    supports-color:
      optional: true
  checksum: 7c002b51e256257f936dda09eb37167df952758c57badf6bf44bdc40b89a4bcb8e5a0a2e4c7b53f97c69e2970dd5272d33a757378a12c8f8e64ea7bf99e8e86e
  languageName: node
  linkType: hard

"delayed-stream@npm:~1.0.0":
  version: 1.0.0
  resolution: "delayed-stream@npm:1.0.0"
  checksum: 46fe6e83e2cb1d85ba50bd52803c68be9bd953282fa7096f51fc29edd5d67ff84ff753c51966061e5ba7cb5e47ef6d36a91924eddb7f3f3483b1c560f77a0020
  languageName: node
  linkType: hard

"eastasianwidth@npm:^0.2.0":
  version: 0.2.0
  resolution: "eastasianwidth@npm:0.2.0"
  checksum: 7d00d7cd8e49b9afa762a813faac332dee781932d6f2c848dc348939c4253f1d4564341b7af1d041853bc3f32c2ef141b58e0a4d9862c17a7f08f68df1e0f1ed
  languageName: node
  linkType: hard

"emoji-regex@npm:^8.0.0":
  version: 8.0.0
  resolution: "emoji-regex@npm:8.0.0"
  checksum: d4c5c39d5a9868b5fa152f00cada8a936868fd3367f33f71be515ecee4c803132d11b31a6222b2571b1e5f7e13890156a94880345594d0ce7e3c9895f560f192
  languageName: node
  linkType: hard

"emoji-regex@npm:^9.2.2":
  version: 9.2.2
  resolution: "emoji-regex@npm:9.2.2"
  checksum: 8487182da74aabd810ac6d6f1994111dfc0e331b01271ae01ec1eb0ad7b5ecc2bbbbd2f053c05cb55a1ac30449527d819bbfbf0e3de1023db308cbcb47f86601
  languageName: node
  linkType: hard

"event-target-shim@npm:^5.0.0":
  version: 5.0.1
  resolution: "event-target-shim@npm:5.0.1"
  checksum: 1ffe3bb22a6d51bdeb6bf6f7cf97d2ff4a74b017ad12284cc9e6a279e727dc30a5de6bb613e5596ff4dc3e517841339ad09a7eec44266eccb1aa201a30448166
  languageName: node
  linkType: hard

"events@npm:^3.0.0":
  version: 3.3.0
  resolution: "events@npm:3.3.0"
  checksum: f6f487ad2198aa41d878fa31452f1a3c00958f46e9019286ff4787c84aac329332ab45c9cdc8c445928fc6d7ded294b9e005a7fce9426488518017831b272780
  languageName: node
  linkType: hard

"fast-xml-parser@npm:^4.3.2":
  version: 4.4.0
  resolution: "fast-xml-parser@npm:4.4.0"
  dependencies:
    strnum: ^1.0.5
  bin:
    fxparser: src/cli/cli.js
  checksum: ad33a4b5165a0ffcb6e17ae78825bd4619a8298844a8a8408f2ea141a0d2d9439d18865dc5254162f09fe54d510ff18e5d5c0a190869cab21fc745ee66be816b
  languageName: node
  linkType: hard

"foreground-child@npm:^3.1.0":
  version: 3.2.1
  resolution: "foreground-child@npm:3.2.1"
  dependencies:
    cross-spawn: ^7.0.0
    signal-exit: ^4.0.1
  checksum: 3e2e844d6003c96d70affe8ae98d7eaaba269a868c14d997620c088340a8775cd5d2d9043e6ceebae1928d8d9a874911c4d664b9a267e8995945df20337aebc0
  languageName: node
  linkType: hard

"form-data@npm:^2.5.0":
  version: 2.5.1
  resolution: "form-data@npm:2.5.1"
  dependencies:
    asynckit: ^0.4.0
    combined-stream: ^1.0.6
    mime-types: ^2.1.12
  checksum: 5134ada56cc246b293a1ac7678dba6830000603a3979cf83ff7b2f21f2e3725202237cfb89e32bcb38a1d35727efbd3c3a22e65b42321e8ade8eec01ce755d08
  languageName: node
  linkType: hard

"glob@npm:10.4.2":
  version: 10.4.2
  resolution: "glob@npm:10.4.2"
  dependencies:
    foreground-child: ^3.1.0
    jackspeak: ^3.1.2
    minimatch: ^9.0.4
    minipass: ^7.1.2
    package-json-from-dist: ^1.0.0
    path-scurry: ^1.11.1
  bin:
    glob: dist/esm/bin.mjs
  checksum: bd7c0e30701136e936f414e5f6f82c7f04503f01df77408f177aa584927412f0bde0338e6ec541618cd21eacc57dde33e7b3c6c0a779cc1c6e6a0e14f3d15d9b
  languageName: node
  linkType: hard

"http-proxy-agent@npm:^7.0.0":
  version: 7.0.2
  resolution: "http-proxy-agent@npm:7.0.2"
  dependencies:
    agent-base: ^7.1.0
    debug: ^4.3.4
  checksum: 670858c8f8f3146db5889e1fa117630910101db601fff7d5a8aa637da0abedf68c899f03d3451cac2f83bcc4c3d2dabf339b3aa00ff8080571cceb02c3ce02f3
  languageName: node
  linkType: hard

"https-proxy-agent@npm:^7.0.0":
  version: 7.0.4
  resolution: "https-proxy-agent@npm:7.0.4"
  dependencies:
    agent-base: ^7.0.2
    debug: 4
  checksum: daaab857a967a2519ddc724f91edbbd388d766ff141b9025b629f92b9408fc83cee8a27e11a907aede392938e9c398e240d643e178408a59e4073539cde8cfe9
  languageName: node
  linkType: hard

"is-fullwidth-code-point@npm:^3.0.0":
  version: 3.0.0
  resolution: "is-fullwidth-code-point@npm:3.0.0"
  checksum: 44a30c29457c7fb8f00297bce733f0a64cd22eca270f83e58c105e0d015e45c019491a4ab2faef91ab51d4738c670daff901c799f6a700e27f7314029e99e348
  languageName: node
  linkType: hard

"isexe@npm:^2.0.0":
  version: 2.0.0
  resolution: "isexe@npm:2.0.0"
  checksum: 26bf6c5480dda5161c820c5b5c751ae1e766c587b1f951ea3fcfc973bafb7831ae5b54a31a69bd670220e42e99ec154475025a468eae58ea262f813fdc8d1c62
  languageName: node
  linkType: hard

"jackspeak@npm:^3.1.2":
  version: 3.4.0
  resolution: "jackspeak@npm:3.4.0"
  dependencies:
    "@isaacs/cliui": ^8.0.2
    "@pkgjs/parseargs": ^0.11.0
  dependenciesMeta:
    "@pkgjs/parseargs":
      optional: true
  checksum: 350f6f311018bb175ffbe736b19c26ac0b134bb5a17a638169e89594eb0c24ab1c658ab3a2fda24ff63b3b19292e1a5ec19d2255bc526df704e8168d392bef85
  languageName: node
  linkType: hard

"lru-cache@npm:^10.2.0":
  version: 10.2.2
  resolution: "lru-cache@npm:10.2.2"
  checksum: 98e8fc93691c546f719a76103ef2bee5a3ac823955c755a47641ec41f8c7fafa1baeaba466937cc1cbfa9cfd47e03536d10e2db3158a64ad91ff3a58a32c893e
  languageName: node
  linkType: hard

"mime-db@npm:1.52.0":
  version: 1.52.0
  resolution: "mime-db@npm:1.52.0"
  checksum: 0d99a03585f8b39d68182803b12ac601d9c01abfa28ec56204fa330bc9f3d1c5e14beb049bafadb3dbdf646dfb94b87e24d4ec7b31b7279ef906a8ea9b6a513f
  languageName: node
  linkType: hard

"mime-types@npm:^2.1.12":
  version: 2.1.35
  resolution: "mime-types@npm:2.1.35"
  dependencies:
    mime-db: 1.52.0
  checksum: 89a5b7f1def9f3af5dad6496c5ed50191ae4331cc5389d7c521c8ad28d5fdad2d06fd81baf38fed813dc4e46bb55c8145bb0ff406330818c9cf712fb2e9b3836
  languageName: node
  linkType: hard

"minimatch@npm:^3.0.4":
  version: 3.1.2
  resolution: "minimatch@npm:3.1.2"
  dependencies:
    brace-expansion: ^1.1.7
  checksum: c154e566406683e7bcb746e000b84d74465b3a832c45d59912b9b55cd50dee66e5c4b1e5566dba26154040e51672f9aa450a9aef0c97cfc7336b78b7afb9540a
  languageName: node
  linkType: hard

"minimatch@npm:^9.0.4":
  version: 9.0.4
  resolution: "minimatch@npm:9.0.4"
  dependencies:
    brace-expansion: ^2.0.1
  checksum: cf717f597ec3eed7dabc33153482a2e8d49f4fd3c26e58fd9c71a94c5029a0838728841b93f46bf1263b65a8010e2ee800d0dc9b004ab8ba8b6d1ec07cc115b5
  languageName: node
  linkType: hard

"minipass@npm:^5.0.0 || ^6.0.2 || ^7.0.0, minipass@npm:^7.1.2":
  version: 7.1.2
  resolution: "minipass@npm:7.1.2"
  checksum: 2bfd325b95c555f2b4d2814d49325691c7bee937d753814861b0b49d5edcda55cbbf22b6b6a60bb91eddac8668771f03c5ff647dcd9d0f798e9548b9cdc46ee3
  languageName: node
  linkType: hard

"ms@npm:2.1.2":
  version: 2.1.2
  resolution: "ms@npm:2.1.2"
  checksum: 673cdb2c3133eb050c745908d8ce632ed2c02d85640e2edb3ace856a2266a813b30c613569bf3354fdf4ea7d1a1494add3bfa95e2713baa27d0c2c71fc44f58f
  languageName: node
  linkType: hard

"node-fetch@npm:^2.6.7":
  version: 2.7.0
  resolution: "node-fetch@npm:2.7.0"
  dependencies:
    whatwg-url: ^5.0.0
  peerDependencies:
    encoding: ^0.1.0
  peerDependenciesMeta:
    encoding:
      optional: true
  checksum: d76d2f5edb451a3f05b15115ec89fc6be39de37c6089f1b6368df03b91e1633fd379a7e01b7ab05089a25034b2023d959b47e59759cb38d88341b2459e89d6e5
  languageName: node
  linkType: hard

"package-json-from-dist@npm:^1.0.0":
  version: 1.0.0
  resolution: "package-json-from-dist@npm:1.0.0"
  checksum: ac706ec856a5a03f5261e4e48fa974f24feb044d51f84f8332e2af0af04fbdbdd5bbbfb9cbbe354190409bc8307c83a9e38c6672c3c8855f709afb0006a009ea
  languageName: node
  linkType: hard

"path-key@npm:^3.1.0":
  version: 3.1.1
  resolution: "path-key@npm:3.1.1"
  checksum: 55cd7a9dd4b343412a8386a743f9c746ef196e57c823d90ca3ab917f90ab9f13dd0ded27252ba49dbdfcab2b091d998bc446f6220cd3cea65db407502a740020
  languageName: node
  linkType: hard

"path-scurry@npm:^1.11.1":
  version: 1.11.1
  resolution: "path-scurry@npm:1.11.1"
  dependencies:
    lru-cache: ^10.2.0
    minipass: ^5.0.0 || ^6.0.2 || ^7.0.0
  checksum: 890d5abcd593a7912dcce7cf7c6bf7a0b5648e3dee6caf0712c126ca0a65c7f3d7b9d769072a4d1baf370f61ce493ab5b038d59988688e0c5f3f646ee3c69023
  languageName: node
  linkType: hard

"root-workspace-0b6124@workspace:.":
  version: 0.0.0-use.local
  resolution: "root-workspace-0b6124@workspace:."
  dependencies:
    "@actions/cache": 3.3.0
    glob: 10.4.2
  languageName: unknown
  linkType: soft

"sax@npm:>=0.6.0":
  version: 1.4.1
  resolution: "sax@npm:1.4.1"
  checksum: 3ad64df16b743f0f2eb7c38ced9692a6d924f1cd07bbe45c39576c2cf50de8290d9d04e7b2228f924c7d05fecc4ec5cf651423278e0c7b63d260c387ef3af84a
  languageName: node
  linkType: hard

"semver@npm:^6.3.1":
  version: 6.3.1
  resolution: "semver@npm:6.3.1"
  bin:
    semver: bin/semver.js
  checksum: ae47d06de28836adb9d3e25f22a92943477371292d9b665fb023fae278d345d508ca1958232af086d85e0155aee22e313e100971898bbb8d5d89b8b1d4054ca2
  languageName: node
  linkType: hard

"shebang-command@npm:^2.0.0":
  version: 2.0.0
  resolution: "shebang-command@npm:2.0.0"
  dependencies:
    shebang-regex: ^3.0.0
  checksum: 6b52fe87271c12968f6a054e60f6bde5f0f3d2db483a1e5c3e12d657c488a15474121a1d55cd958f6df026a54374ec38a4a963988c213b7570e1d51575cea7fa
  languageName: node
  linkType: hard

"shebang-regex@npm:^3.0.0":
  version: 3.0.0
  resolution: "shebang-regex@npm:3.0.0"
  checksum: 1a2bcae50de99034fcd92ad4212d8e01eedf52c7ec7830eedcf886622804fe36884278f2be8be0ea5fde3fd1c23911643a4e0f726c8685b61871c8908af01222
  languageName: node
  linkType: hard

"signal-exit@npm:^4.0.1":
  version: 4.1.0
  resolution: "signal-exit@npm:4.1.0"
  checksum: 64c757b498cb8629ffa5f75485340594d2f8189e9b08700e69199069c8e3070fb3e255f7ab873c05dc0b3cec412aea7402e10a5990cb6a050bd33ba062a6c549
  languageName: node
  linkType: hard

"string-width-cjs@npm:string-width@^4.2.0, string-width@npm:^4.1.0":
  version: 4.2.3
  resolution: "string-width@npm:4.2.3"
  dependencies:
    emoji-regex: ^8.0.0
    is-fullwidth-code-point: ^3.0.0
    strip-ansi: ^6.0.1
  checksum: e52c10dc3fbfcd6c3a15f159f54a90024241d0f149cf8aed2982a2d801d2e64df0bf1dc351cf8e95c3319323f9f220c16e740b06faecd53e2462df1d2b5443fb
  languageName: node
  linkType: hard

"string-width@npm:^5.0.1, string-width@npm:^5.1.2":
  version: 5.1.2
  resolution: "string-width@npm:5.1.2"
  dependencies:
    eastasianwidth: ^0.2.0
    emoji-regex: ^9.2.2
    strip-ansi: ^7.0.1
  checksum: 7369deaa29f21dda9a438686154b62c2c5f661f8dda60449088f9f980196f7908fc39fdd1803e3e01541970287cf5deae336798337e9319a7055af89dafa7193
  languageName: node
  linkType: hard

"strip-ansi-cjs@npm:strip-ansi@^6.0.1, strip-ansi@npm:^6.0.0, strip-ansi@npm:^6.0.1":
  version: 6.0.1
  resolution: "strip-ansi@npm:6.0.1"
  dependencies:
    ansi-regex: ^5.0.1
  checksum: f3cd25890aef3ba6e1a74e20896c21a46f482e93df4a06567cebf2b57edabb15133f1f94e57434e0a958d61186087b1008e89c94875d019910a213181a14fc8c
  languageName: node
  linkType: hard

"strip-ansi@npm:^7.0.1":
  version: 7.1.0
  resolution: "strip-ansi@npm:7.1.0"
  dependencies:
    ansi-regex: ^6.0.1
  checksum: 859c73fcf27869c22a4e4d8c6acfe690064659e84bef9458aa6d13719d09ca88dcfd40cbf31fd0be63518ea1a643fe070b4827d353e09533a5b0b9fd4553d64d
  languageName: node
  linkType: hard

"strnum@npm:^1.0.5":
  version: 1.0.5
  resolution: "strnum@npm:1.0.5"
  checksum: 651b2031db5da1bf4a77fdd2f116a8ac8055157c5420f5569f64879133825915ad461513e7202a16d7fec63c54fd822410d0962f8ca12385c4334891b9ae6dd2
  languageName: node
  linkType: hard

"tr46@npm:~0.0.3":
  version: 0.0.3
  resolution: "tr46@npm:0.0.3"
  checksum: 726321c5eaf41b5002e17ffbd1fb7245999a073e8979085dacd47c4b4e8068ff5777142fc6726d6ca1fd2ff16921b48788b87225cbc57c72636f6efa8efbffe3
  languageName: node
  linkType: hard

"tslib@npm:^1.10.0":
  version: 1.14.1
  resolution: "tslib@npm:1.14.1"
  checksum: dbe628ef87f66691d5d2959b3e41b9ca0045c3ee3c7c7b906cc1e328b39f199bb1ad9e671c39025bd56122ac57dfbf7385a94843b1cc07c60a4db74795829acd
  languageName: node
  linkType: hard

"tslib@npm:^2.2.0, tslib@npm:^2.6.2":
  version: 2.6.3
  resolution: "tslib@npm:2.6.3"
  checksum: 74fce0e100f1ebd95b8995fbbd0e6c91bdd8f4c35c00d4da62e285a3363aaa534de40a80db30ecfd388ed7c313c42d930ee0eaf108e8114214b180eec3dbe6f5
  languageName: node
  linkType: hard

"tunnel@npm:0.0.6, tunnel@npm:^0.0.6":
  version: 0.0.6
  resolution: "tunnel@npm:0.0.6"
  checksum: c362948df9ad34b649b5585e54ce2838fa583aa3037091aaed66793c65b423a264e5229f0d7e9a95513a795ac2bd4cb72cda7e89a74313f182c1e9ae0b0994fa
  languageName: node
  linkType: hard

"undici@npm:^5.25.4":
  version: 5.28.4
  resolution: "undici@npm:5.28.4"
  dependencies:
    "@fastify/busboy": ^2.0.0
  checksum: a8193132d84540e4dc1895ecc8dbaa176e8a49d26084d6fbe48a292e28397cd19ec5d13bc13e604484e76f94f6e334b2bdc740d5f06a6e50c44072818d0c19f9
  languageName: node
  linkType: hard

"uuid@npm:^8.3.2":
  version: 8.3.2
  resolution: "uuid@npm:8.3.2"
  bin:
    uuid: dist/bin/uuid
  checksum: 5575a8a75c13120e2f10e6ddc801b2c7ed7d8f3c8ac22c7ed0c7b2ba6383ec0abda88c905085d630e251719e0777045ae3236f04c812184b7c765f63a70e58df
  languageName: node
  linkType: hard

"webidl-conversions@npm:^3.0.0":
  version: 3.0.1
  resolution: "webidl-conversions@npm:3.0.1"
  checksum: c92a0a6ab95314bde9c32e1d0a6dfac83b578f8fa5f21e675bc2706ed6981bc26b7eb7e6a1fab158e5ce4adf9caa4a0aee49a52505d4d13c7be545f15021b17c
  languageName: node
  linkType: hard

"whatwg-url@npm:^5.0.0":
  version: 5.0.0
  resolution: "whatwg-url@npm:5.0.0"
  dependencies:
    tr46: ~0.0.3
    webidl-conversions: ^3.0.0
  checksum: b8daed4ad3356cc4899048a15b2c143a9aed0dfae1f611ebd55073310c7b910f522ad75d727346ad64203d7e6c79ef25eafd465f4d12775ca44b90fa82ed9e2c
  languageName: node
  linkType: hard

"which@npm:^2.0.1":
  version: 2.0.2
  resolution: "which@npm:2.0.2"
  dependencies:
    isexe: ^2.0.0
  bin:
    node-which: ./bin/node-which
  checksum: 1a5c563d3c1b52d5f893c8b61afe11abc3bab4afac492e8da5bde69d550de701cf9806235f20a47b5c8fa8a1d6a9135841de2596535e998027a54589000e66d1
  languageName: node
  linkType: hard

"wrap-ansi-cjs@npm:wrap-ansi@^7.0.0":
  version: 7.0.0
  resolution: "wrap-ansi@npm:7.0.0"
  dependencies:
    ansi-styles: ^4.0.0
    string-width: ^4.1.0
    strip-ansi: ^6.0.0
  checksum: a790b846fd4505de962ba728a21aaeda189b8ee1c7568ca5e817d85930e06ef8d1689d49dbf0e881e8ef84436af3a88bc49115c2e2788d841ff1b8b5b51a608b
  languageName: node
  linkType: hard

"wrap-ansi@npm:^8.1.0":
  version: 8.1.0
  resolution: "wrap-ansi@npm:8.1.0"
  dependencies:
    ansi-styles: ^6.1.0
    string-width: ^5.0.1
    strip-ansi: ^7.0.1
  checksum: 371733296dc2d616900ce15a0049dca0ef67597d6394c57347ba334393599e800bab03c41d4d45221b6bc967b8c453ec3ae4749eff3894202d16800fdfe0e238
  languageName: node
  linkType: hard

"xml2js@npm:^0.5.0":
  version: 0.5.0
  resolution: "xml2js@npm:0.5.0"
  dependencies:
    sax: ">=0.6.0"
    xmlbuilder: ~11.0.0
  checksum: 1aa71d62e5bc2d89138e3929b9ea46459157727759cbc62ef99484b778641c0cd21fb637696c052d901a22f82d092a3e740a16b4ce218e81ac59b933535124ea
  languageName: node
  linkType: hard

"xmlbuilder@npm:~11.0.0":
  version: 11.0.1
  resolution: "xmlbuilder@npm:11.0.1"
  checksum: 7152695e16f1a9976658215abab27e55d08b1b97bca901d58b048d2b6e106b5af31efccbdecf9b07af37c8377d8e7e821b494af10b3a68b0ff4ae60331b415b0
  languageName: node
  linkType: hard
