# This file is generated by running "yarn install" inside your project.
# Manual changes might be lost - proceed with caution!

__metadata:
  version: 8
  cacheKey: 10

"@actions/cache@npm:3.2.4":
  version: 3.2.4
  resolution: "@actions/cache@npm:3.2.4"
  dependencies:
    "@actions/core": "npm:^1.10.0"
    "@actions/exec": "npm:^1.0.1"
    "@actions/glob": "npm:^0.1.0"
    "@actions/http-client": "npm:^2.1.1"
    "@actions/io": "npm:^1.0.1"
    "@azure/abort-controller": "npm:^1.1.0"
    "@azure/ms-rest-js": "npm:^2.6.0"
    "@azure/storage-blob": "npm:^12.13.0"
    semver: "npm:^6.3.1"
    uuid: "npm:^3.3.3"
  checksum: 10/f315f011c392d64684009faf2ac22350b79f3f5b2e48d783f4ff1b55a7c830f6f49d7d303fee7fa99641feed08fc61ef98aadac939e4881b51dccc90e651a9af
  languageName: node
  linkType: hard

"@actions/cache@patch:@actions/cache@npm%3A3.2.4#./.yarn/patches/@actions-cache-npm-3.2.4-c57b047f14.patch::locator=root-workspace-0b6124%40workspace%3A.":
  version: 3.2.4
  resolution: "@actions/cache@patch:@actions/cache@npm%3A3.2.4#./.yarn/patches/@actions-cache-npm-3.2.4-c57b047f14.patch::version=3.2.4&hash=10abe1&locator=root-workspace-0b6124%40workspace%3A."
  dependencies:
    "@actions/core": "npm:^1.10.0"
    "@actions/exec": "npm:^1.0.1"
    "@actions/glob": "npm:^0.1.0"
    "@actions/http-client": "npm:^2.1.1"
    "@actions/io": "npm:^1.0.1"
    "@azure/abort-controller": "npm:^1.1.0"
    "@azure/ms-rest-js": "npm:^2.6.0"
    "@azure/storage-blob": "npm:^12.13.0"
    semver: "npm:^6.3.1"
    uuid: "npm:^3.3.3"
  checksum: 10/408935ddecbb22153cdd44ad22944a23b3a68a1a43520bd1d94e9b35af9e4c980b4f72463145d93ee4c94a4c51dbd8685734bc5c20f3978d1daa065e443e9195
  languageName: node
  linkType: hard

"@actions/core@npm:^1.10.0, @actions/core@npm:^1.2.6":
  version: 1.10.1
  resolution: "@actions/core@npm:1.10.1"
  dependencies:
    "@actions/http-client": "npm:^2.0.1"
    uuid: "npm:^8.3.2"
  checksum: 10/d32af783ecb07f25a0f190112ee8e749a4c4cb88327d6df756ea1dcee146ab413c0e651a9c949294f8202ced1436c049d7b469485431a5cc4491d66926ec8323
  languageName: node
  linkType: hard

"@actions/exec@npm:^1.0.1":
  version: 1.1.1
  resolution: "@actions/exec@npm:1.1.1"
  dependencies:
    "@actions/io": "npm:^1.0.1"
  checksum: 10/c04bd25191e522841c7e17862d70099de8db61278d2b4c744b69ac0197a48f85c75dba548e1c29c695c4cc5363d558846b4dcd3db9013463c18ba8cf36497c6d
  languageName: node
  linkType: hard

"@actions/glob@npm:^0.1.0":
  version: 0.1.2
  resolution: "@actions/glob@npm:0.1.2"
  dependencies:
    "@actions/core": "npm:^1.2.6"
    minimatch: "npm:^3.0.4"
  checksum: 10/03fe4dd1959196b12195cc4981a83f856eefa7321a8e445894f8a4bf0e61dcc73952bd2262cbf984e8fa6f0e323f4052de8b1b3caf076c21554f0976a8540733
  languageName: node
  linkType: hard

"@actions/http-client@npm:^2.0.1, @actions/http-client@npm:^2.1.1":
  version: 2.2.1
  resolution: "@actions/http-client@npm:2.2.1"
  dependencies:
    tunnel: "npm:^0.0.6"
    undici: "npm:^5.25.4"
  checksum: 10/b7338f13461eeca945acc9ccdd20a46e545624dc872bc12869eca7d9a58536ee3e1ecc0d1a1d4c16e8610c2b783e7108e12148b6db5d7fb8bf8b950b8a002d66
  languageName: node
  linkType: hard

"@actions/io@npm:^1.0.1":
  version: 1.1.3
  resolution: "@actions/io@npm:1.1.3"
  checksum: 10/4de44e8d428ba9f20049c844b37ecd486b589ed201f8cc8c5b550a9e4c72d1f594271ee2a7a6cfe8a42ebfb5dd527ef65016454656db391a353d41eab4f147e1
  languageName: node
  linkType: hard

"@azure/abort-controller@npm:^1.0.0, @azure/abort-controller@npm:^1.1.0":
  version: 1.1.0
  resolution: "@azure/abort-controller@npm:1.1.0"
  dependencies:
    tslib: "npm:^2.2.0"
  checksum: 10/1efe8735cfe6411f42ab9dda86be627073e0e3345a89bd5d0560175523ab3939db2c82fd17965a49fc70513377866539c91a5c73c871b5a0d771329ffae87dda
  languageName: node
  linkType: hard

"@azure/abort-controller@npm:^2.0.0":
  version: 2.1.2
  resolution: "@azure/abort-controller@npm:2.1.2"
  dependencies:
    tslib: "npm:^2.6.2"
  checksum: 10/484e34a8121e5815f764af4da1c8b51d4713106e43f1c44e59671773ffff52da066780821c7633cf601668daa1181a57a1c88f57854d60b62ecc5560f9c52932
  languageName: node
  linkType: hard

"@azure/core-auth@npm:^1.1.4, @azure/core-auth@npm:^1.4.0":
  version: 1.7.2
  resolution: "@azure/core-auth@npm:1.7.2"
  dependencies:
    "@azure/abort-controller": "npm:^2.0.0"
    "@azure/core-util": "npm:^1.1.0"
    tslib: "npm:^2.6.2"
  checksum: 10/c85325c5977490554e1cdc9acbb6f8e309ab68935919900ff59cb6b125833848e082347c5ed454d1fcfa028c75e42ecd16e982f7f1eada76a17a76751f689261
  languageName: node
  linkType: hard

"@azure/core-client@npm:^1.3.0, @azure/core-client@npm:^1.6.2":
  version: 1.9.2
  resolution: "@azure/core-client@npm:1.9.2"
  dependencies:
    "@azure/abort-controller": "npm:^2.0.0"
    "@azure/core-auth": "npm:^1.4.0"
    "@azure/core-rest-pipeline": "npm:^1.9.1"
    "@azure/core-tracing": "npm:^1.0.0"
    "@azure/core-util": "npm:^1.6.1"
    "@azure/logger": "npm:^1.0.0"
    tslib: "npm:^2.6.2"
  checksum: 10/0358b8245bf23943914eb77384955c994bf3ef84f862234cb3e261f9c602a9f4717beedafd48d1da902b15f3464a4211540976fabb4569039fac8e0d41e59ef1
  languageName: node
  linkType: hard

"@azure/core-http-compat@npm:^2.0.0":
  version: 2.1.2
  resolution: "@azure/core-http-compat@npm:2.1.2"
  dependencies:
    "@azure/abort-controller": "npm:^2.0.0"
    "@azure/core-client": "npm:^1.3.0"
    "@azure/core-rest-pipeline": "npm:^1.3.0"
  checksum: 10/2b64b2480db6ebb8b0f6e7e104f632d9266bbe08f44ea0117d84439a4ba8846ee533841e827c2766f63ef26709c89e61c0d250878660930bac521c7f45fab49c
  languageName: node
  linkType: hard

"@azure/core-lro@npm:^2.2.0":
  version: 2.7.2
  resolution: "@azure/core-lro@npm:2.7.2"
  dependencies:
    "@azure/abort-controller": "npm:^2.0.0"
    "@azure/core-util": "npm:^1.2.0"
    "@azure/logger": "npm:^1.0.0"
    tslib: "npm:^2.6.2"
  checksum: 10/73b4e1d74afc0dc647914db3a79b6212b653d853f6ff7105eb6e19ab2f7af11cef99d6388b3125179c8872db819930ac0ab9768b07c06a3033dd22fa546f8a09
  languageName: node
  linkType: hard

"@azure/core-paging@npm:^1.1.1":
  version: 1.6.2
  resolution: "@azure/core-paging@npm:1.6.2"
  dependencies:
    tslib: "npm:^2.6.2"
  checksum: 10/fb1d4c4fcd5705dbcd2332724d0ead324b988a874bfe739483cf65056b8ad5567aaa5ae02f4d0467c71c3be035bbd15682fe0d8f6e47043a66903d439593f5b8
  languageName: node
  linkType: hard

"@azure/core-rest-pipeline@npm:^1.10.1, @azure/core-rest-pipeline@npm:^1.3.0, @azure/core-rest-pipeline@npm:^1.9.1":
  version: 1.16.0
  resolution: "@azure/core-rest-pipeline@npm:1.16.0"
  dependencies:
    "@azure/abort-controller": "npm:^2.0.0"
    "@azure/core-auth": "npm:^1.4.0"
    "@azure/core-tracing": "npm:^1.0.1"
    "@azure/core-util": "npm:^1.9.0"
    "@azure/logger": "npm:^1.0.0"
    http-proxy-agent: "npm:^7.0.0"
    https-proxy-agent: "npm:^7.0.0"
    tslib: "npm:^2.6.2"
  checksum: 10/5709af7af13a9a21032d2b233284192631a848a36a58bb43d41aff932c105a50f8fa35fea15c552106532e43970d6085e027736b83e6f67b1b5322040c53309b
  languageName: node
  linkType: hard

"@azure/core-tracing@npm:^1.0.0, @azure/core-tracing@npm:^1.0.1":
  version: 1.1.2
  resolution: "@azure/core-tracing@npm:1.1.2"
  dependencies:
    tslib: "npm:^2.6.2"
  checksum: 10/027ab8f6ed0ed859a3999dd192faf7286b6e1da8887852a61150c1cf9fc29dbde95bcaa510ee5138e416e9c026cd177b69b7e2c83a8ec0a9758caba412f5368d
  languageName: node
  linkType: hard

"@azure/core-util@npm:^1.1.0, @azure/core-util@npm:^1.2.0, @azure/core-util@npm:^1.6.1, @azure/core-util@npm:^1.9.0":
  version: 1.9.0
  resolution: "@azure/core-util@npm:1.9.0"
  dependencies:
    "@azure/abort-controller": "npm:^2.0.0"
    tslib: "npm:^2.6.2"
  checksum: 10/601853796bf130a87e55c687bab4c97500a8cb16e02db8aeb32ac3f05551452eaf4164b7797e49e1ebefb69b0ad8a11fa698c2e4b42ab5075fee3002fef9b2d2
  languageName: node
  linkType: hard

"@azure/core-xml@npm:^1.3.2":
  version: 1.4.2
  resolution: "@azure/core-xml@npm:1.4.2"
  dependencies:
    fast-xml-parser: "npm:^4.3.2"
    tslib: "npm:^2.6.2"
  checksum: 10/0d7dd0d0801893455728387a7c3a44101759a7f0766de229a5641659d4c6bc938e056399c830ff058c964a8cbb1945b8b937a185a80590df238b0986bc42cdb6
  languageName: node
  linkType: hard

"@azure/logger@npm:^1.0.0":
  version: 1.1.2
  resolution: "@azure/logger@npm:1.1.2"
  dependencies:
    tslib: "npm:^2.6.2"
  checksum: 10/d7806f70627a3cc94752c1f773e01566c86e62a497a5a631cd4b68ccaddf42a14314e4b43e9f59dc61bd643b1778aab5bb487dd0da0aa4e64f5d9f5cad05f1d9
  languageName: node
  linkType: hard

"@azure/ms-rest-js@npm:^2.6.0":
  version: 2.7.0
  resolution: "@azure/ms-rest-js@npm:2.7.0"
  dependencies:
    "@azure/core-auth": "npm:^1.1.4"
    abort-controller: "npm:^3.0.0"
    form-data: "npm:^2.5.0"
    node-fetch: "npm:^2.6.7"
    tslib: "npm:^1.10.0"
    tunnel: "npm:0.0.6"
    uuid: "npm:^8.3.2"
    xml2js: "npm:^0.5.0"
  checksum: 10/f739fdf38bc2869b1de295250c16178d150825510de49cf5bba848d32b41d4fc2ad07a536c9d26258a26b7be62bc28fb2a03e6fd7b51dd9ad59ea8bba2c62df9
  languageName: node
  linkType: hard

"@azure/storage-blob@npm:^12.13.0":
  version: 12.23.0
  resolution: "@azure/storage-blob@npm:12.23.0"
  dependencies:
    "@azure/abort-controller": "npm:^1.0.0"
    "@azure/core-auth": "npm:^1.4.0"
    "@azure/core-client": "npm:^1.6.2"
    "@azure/core-http-compat": "npm:^2.0.0"
    "@azure/core-lro": "npm:^2.2.0"
    "@azure/core-paging": "npm:^1.1.1"
    "@azure/core-rest-pipeline": "npm:^1.10.1"
    "@azure/core-tracing": "npm:^1.0.0"
    "@azure/core-util": "npm:^1.6.1"
    "@azure/core-xml": "npm:^1.3.2"
    "@azure/logger": "npm:^1.0.0"
    events: "npm:^3.0.0"
    tslib: "npm:^2.2.0"
  checksum: 10/f4bd70ea61fc7c05d06345ac51d03546a5e3a1802270b6068f9c19ec8fea4ac5ee7404b19a10a5580e188a07bc9a9b0b843ede0a27f128aaa21eb9e724a33636
  languageName: node
  linkType: hard

"@fastify/busboy@npm:^2.0.0":
  version: 2.1.1
  resolution: "@fastify/busboy@npm:2.1.1"
  checksum: 10/2bb8a7eca8289ed14c9eb15239bc1019797454624e769b39a0b90ed204d032403adc0f8ed0d2aef8a18c772205fa7808cf5a1b91f21c7bfc7b6032150b1062c5
  languageName: node
  linkType: hard

"@isaacs/cliui@npm:^8.0.2":
  version: 8.0.2
  resolution: "@isaacs/cliui@npm:8.0.2"
  dependencies:
    string-width: "npm:^5.1.2"
    string-width-cjs: "npm:string-width@^4.2.0"
    strip-ansi: "npm:^7.0.1"
    strip-ansi-cjs: "npm:strip-ansi@^6.0.1"
    wrap-ansi: "npm:^8.1.0"
    wrap-ansi-cjs: "npm:wrap-ansi@^7.0.0"
  checksum: 10/e9ed5fd27c3aec1095e3a16e0c0cf148d1fee55a38665c35f7b3f86a9b5d00d042ddaabc98e8a1cb7463b9378c15f22a94eb35e99469c201453eb8375191f243
  languageName: node
  linkType: hard

"@pkgjs/parseargs@npm:^0.11.0":
  version: 0.11.0
  resolution: "@pkgjs/parseargs@npm:0.11.0"
  checksum: 10/115e8ceeec6bc69dff2048b35c0ab4f8bbee12d8bb6c1f4af758604586d802b6e669dcb02dda61d078de42c2b4ddce41b3d9e726d7daa6b4b850f4adbf7333ff
  languageName: node
  linkType: hard

"abort-controller@npm:^3.0.0":
  version: 3.0.0
  resolution: "abort-controller@npm:3.0.0"
  dependencies:
    event-target-shim: "npm:^5.0.0"
  checksum: 10/ed84af329f1828327798229578b4fe03a4dd2596ba304083ebd2252666bdc1d7647d66d0b18704477e1f8aa315f055944aa6e859afebd341f12d0a53c37b4b40
  languageName: node
  linkType: hard

"agent-base@npm:^7.0.2, agent-base@npm:^7.1.0":
  version: 7.1.1
  resolution: "agent-base@npm:7.1.1"
  dependencies:
    debug: "npm:^4.3.4"
  checksum: 10/c478fec8f79953f118704d007a38f2a185458853f5c45579b9669372bd0e12602e88dc2ad0233077831504f7cd6fcc8251c383375bba5eaaf563b102938bda26
  languageName: node
  linkType: hard

"ansi-regex@npm:^5.0.1":
  version: 5.0.1
  resolution: "ansi-regex@npm:5.0.1"
  checksum: 10/2aa4bb54caf2d622f1afdad09441695af2a83aa3fe8b8afa581d205e57ed4261c183c4d3877cee25794443fde5876417d859c108078ab788d6af7e4fe52eb66b
  languageName: node
  linkType: hard

"ansi-regex@npm:^6.0.1":
  version: 6.0.1
  resolution: "ansi-regex@npm:6.0.1"
  checksum: 10/1ff8b7667cded1de4fa2c9ae283e979fc87036864317da86a2e546725f96406746411d0d85e87a2d12fa5abd715d90006de7fa4fa0477c92321ad3b4c7d4e169
  languageName: node
  linkType: hard

"ansi-styles@npm:^4.0.0":
  version: 4.3.0
  resolution: "ansi-styles@npm:4.3.0"
  dependencies:
    color-convert: "npm:^2.0.1"
  checksum: 10/b4494dfbfc7e4591b4711a396bd27e540f8153914123dccb4cdbbcb514015ada63a3809f362b9d8d4f6b17a706f1d7bea3c6f974b15fa5ae76b5b502070889ff
  languageName: node
  linkType: hard

"ansi-styles@npm:^6.1.0":
  version: 6.2.1
  resolution: "ansi-styles@npm:6.2.1"
  checksum: 10/70fdf883b704d17a5dfc9cde206e698c16bcd74e7f196ab821511651aee4f9f76c9514bdfa6ca3a27b5e49138b89cb222a28caf3afe4567570139577f991df32
  languageName: node
  linkType: hard

"asynckit@npm:^0.4.0":
  version: 0.4.0
  resolution: "asynckit@npm:0.4.0"
  checksum: 10/3ce727cbc78f69d6a4722517a58ee926c8c21083633b1d3fdf66fd688f6c127a53a592141bd4866f9b63240a86e9d8e974b13919450bd17fa33c2d22c4558ad8
  languageName: node
  linkType: hard

"balanced-match@npm:^1.0.0":
  version: 1.0.2
  resolution: "balanced-match@npm:1.0.2"
  checksum: 10/9706c088a283058a8a99e0bf91b0a2f75497f185980d9ffa8b304de1d9e58ebda7c72c07ebf01dadedaac5b2907b2c6f566f660d62bd336c3468e960403b9d65
  languageName: node
  linkType: hard

"brace-expansion@npm:^1.1.7":
  version: 1.1.11
  resolution: "brace-expansion@npm:1.1.11"
  dependencies:
    balanced-match: "npm:^1.0.0"
    concat-map: "npm:0.0.1"
  checksum: 10/faf34a7bb0c3fcf4b59c7808bc5d2a96a40988addf2e7e09dfbb67a2251800e0d14cd2bfc1aa79174f2f5095c54ff27f46fb1289fe2d77dac755b5eb3434cc07
  languageName: node
  linkType: hard

"brace-expansion@npm:^2.0.1":
  version: 2.0.1
  resolution: "brace-expansion@npm:2.0.1"
  dependencies:
    balanced-match: "npm:^1.0.0"
  checksum: 10/a61e7cd2e8a8505e9f0036b3b6108ba5e926b4b55089eeb5550cd04a471fe216c96d4fe7e4c7f995c728c554ae20ddfc4244cad10aef255e72b62930afd233d1
  languageName: node
  linkType: hard

"color-convert@npm:^2.0.1":
  version: 2.0.1
  resolution: "color-convert@npm:2.0.1"
  dependencies:
    color-name: "npm:~1.1.4"
  checksum: 10/fa00c91b4332b294de06b443923246bccebe9fab1b253f7fe1772d37b06a2269b4039a85e309abe1fe11b267b11c08d1d0473fda3badd6167f57313af2887a64
  languageName: node
  linkType: hard

"color-name@npm:~1.1.4":
  version: 1.1.4
  resolution: "color-name@npm:1.1.4"
  checksum: 10/b0445859521eb4021cd0fb0cc1a75cecf67fceecae89b63f62b201cca8d345baf8b952c966862a9d9a2632987d4f6581f0ec8d957dfacece86f0a7919316f610
  languageName: node
  linkType: hard

"combined-stream@npm:^1.0.6":
  version: 1.0.8
  resolution: "combined-stream@npm:1.0.8"
  dependencies:
    delayed-stream: "npm:~1.0.0"
  checksum: 10/2e969e637d05d09fa50b02d74c83a1186f6914aae89e6653b62595cc75a221464f884f55f231b8f4df7a49537fba60bdc0427acd2bf324c09a1dbb84837e36e4
  languageName: node
  linkType: hard

"concat-map@npm:0.0.1":
  version: 0.0.1
  resolution: "concat-map@npm:0.0.1"
  checksum: 10/9680699c8e2b3af0ae22592cb764acaf973f292a7b71b8a06720233011853a58e256c89216a10cbe889727532fd77f8bcd49a760cedfde271b8e006c20e079f2
  languageName: node
  linkType: hard

"cross-spawn@npm:^7.0.0":
  version: 7.0.3
  resolution: "cross-spawn@npm:7.0.3"
  dependencies:
    path-key: "npm:^3.1.0"
    shebang-command: "npm:^2.0.0"
    which: "npm:^2.0.1"
  checksum: 10/e1a13869d2f57d974de0d9ef7acbf69dc6937db20b918525a01dacb5032129bd552d290d886d981e99f1b624cb03657084cc87bd40f115c07ecf376821c729ce
  languageName: node
  linkType: hard

"debug@npm:4, debug@npm:^4.3.4":
  version: 4.3.5
  resolution: "debug@npm:4.3.5"
  dependencies:
    ms: "npm:2.1.2"
  peerDependenciesMeta:
    supports-color:
      optional: true
  checksum: 10/cb6eab424c410e07813ca1392888589972ce9a32b8829c6508f5e1f25f3c3e70a76731610ae55b4bbe58d1a2fffa1424b30e97fa8d394e49cd2656a9643aedd2
  languageName: node
  linkType: hard

"delayed-stream@npm:~1.0.0":
  version: 1.0.0
  resolution: "delayed-stream@npm:1.0.0"
  checksum: 10/46fe6e83e2cb1d85ba50bd52803c68be9bd953282fa7096f51fc29edd5d67ff84ff753c51966061e5ba7cb5e47ef6d36a91924eddb7f3f3483b1c560f77a0020
  languageName: node
  linkType: hard

"eastasianwidth@npm:^0.2.0":
  version: 0.2.0
  resolution: "eastasianwidth@npm:0.2.0"
  checksum: 10/9b1d3e1baefeaf7d70799db8774149cef33b97183a6addceeba0cf6b85ba23ee2686f302f14482006df32df75d32b17c509c143a3689627929e4a8efaf483952
  languageName: node
  linkType: hard

"emoji-regex@npm:^8.0.0":
  version: 8.0.0
  resolution: "emoji-regex@npm:8.0.0"
  checksum: 10/c72d67a6821be15ec11997877c437491c313d924306b8da5d87d2a2bcc2cec9903cb5b04ee1a088460501d8e5b44f10df82fdc93c444101a7610b80c8b6938e1
  languageName: node
  linkType: hard

"emoji-regex@npm:^9.2.2":
  version: 9.2.2
  resolution: "emoji-regex@npm:9.2.2"
  checksum: 10/915acf859cea7131dac1b2b5c9c8e35c4849e325a1d114c30adb8cd615970f6dca0e27f64f3a4949d7d6ed86ecd79a1c5c63f02e697513cddd7b5835c90948b8
  languageName: node
  linkType: hard

"event-target-shim@npm:^5.0.0":
  version: 5.0.1
  resolution: "event-target-shim@npm:5.0.1"
  checksum: 10/49ff46c3a7facbad3decb31f597063e761785d7fdb3920d4989d7b08c97a61c2f51183e2f3a03130c9088df88d4b489b1b79ab632219901f184f85158508f4c8
  languageName: node
  linkType: hard

"events@npm:^3.0.0":
  version: 3.3.0
  resolution: "events@npm:3.3.0"
  checksum: 10/a3d47e285e28d324d7180f1e493961a2bbb4cad6412090e4dec114f4db1f5b560c7696ee8e758f55e23913ede856e3689cd3aa9ae13c56b5d8314cd3b3ddd1be
  languageName: node
  linkType: hard

"fast-xml-parser@npm:^4.3.2":
  version: 4.4.0
  resolution: "fast-xml-parser@npm:4.4.0"
  dependencies:
    strnum: "npm:^1.0.5"
  bin:
    fxparser: src/cli/cli.js
  checksum: 10/f1592fa810d3923c46c7037d5adf1c309580d1d14780312019f33e4967f6ffcb5632168a5e889fe9d30794f6a087a0a095bb21cdf62320a96c6b304395212658
  languageName: node
  linkType: hard

"foreground-child@npm:^3.1.0":
  version: 3.2.1
  resolution: "foreground-child@npm:3.2.1"
  dependencies:
    cross-spawn: "npm:^7.0.0"
    signal-exit: "npm:^4.0.1"
  checksum: 10/77b33b3c438a499201727ca84de39a66350ccd54a8805df712773e963cefb5c4632dbc4386109e97a0df8fb1585aee95fa35acb07587e3e04cfacabfc0ae15dc
  languageName: node
  linkType: hard

"form-data@npm:^2.5.0":
  version: 2.5.1
  resolution: "form-data@npm:2.5.1"
  dependencies:
    asynckit: "npm:^0.4.0"
    combined-stream: "npm:^1.0.6"
    mime-types: "npm:^2.1.12"
  checksum: 10/2e2e5e927979ba3623f9b4c4bcc939275fae3f2dea9dafc8db3ca656a3d75476605de2c80f0e6f1487987398e056f0b4c738972d6e1edd83392d5686d0952eed
  languageName: node
  linkType: hard

"glob@npm:10.4.2":
  version: 10.4.2
  resolution: "glob@npm:10.4.2"
  dependencies:
    foreground-child: "npm:^3.1.0"
    jackspeak: "npm:^3.1.2"
    minimatch: "npm:^9.0.4"
    minipass: "npm:^7.1.2"
    package-json-from-dist: "npm:^1.0.0"
    path-scurry: "npm:^1.11.1"
  bin:
    glob: dist/esm/bin.mjs
  checksum: 10/e412776b5952a818eba790c830bea161c9a56813fd767d8c4c49f855603b1fb962b3e73f1f627a47298a57d2992b9f0f2fe15cf93e74ecaaa63fb45d63fdd090
  languageName: node
  linkType: hard

"http-proxy-agent@npm:^7.0.0":
  version: 7.0.2
  resolution: "http-proxy-agent@npm:7.0.2"
  dependencies:
    agent-base: "npm:^7.1.0"
    debug: "npm:^4.3.4"
  checksum: 10/d062acfa0cb82beeb558f1043c6ba770ea892b5fb7b28654dbc70ea2aeea55226dd34c02a294f6c1ca179a5aa483c4ea641846821b182edbd9cc5d89b54c6848
  languageName: node
  linkType: hard

"https-proxy-agent@npm:^7.0.0":
  version: 7.0.4
  resolution: "https-proxy-agent@npm:7.0.4"
  dependencies:
    agent-base: "npm:^7.0.2"
    debug: "npm:4"
  checksum: 10/405fe582bba461bfe5c7e2f8d752b384036854488b828ae6df6a587c654299cbb2c50df38c4b6ab303502c3c5e029a793fbaac965d1e86ee0be03faceb554d63
  languageName: node
  linkType: hard

"is-fullwidth-code-point@npm:^3.0.0":
  version: 3.0.0
  resolution: "is-fullwidth-code-point@npm:3.0.0"
  checksum: 10/44a30c29457c7fb8f00297bce733f0a64cd22eca270f83e58c105e0d015e45c019491a4ab2faef91ab51d4738c670daff901c799f6a700e27f7314029e99e348
  languageName: node
  linkType: hard

"isexe@npm:^2.0.0":
  version: 2.0.0
  resolution: "isexe@npm:2.0.0"
  checksum: 10/7c9f715c03aff08f35e98b1fadae1b9267b38f0615d501824f9743f3aab99ef10e303ce7db3f186763a0b70a19de5791ebfc854ff884d5a8c4d92211f642ec92
  languageName: node
  linkType: hard

"jackspeak@npm:^3.1.2":
  version: 3.4.0
  resolution: "jackspeak@npm:3.4.0"
  dependencies:
    "@isaacs/cliui": "npm:^8.0.2"
    "@pkgjs/parseargs": "npm:^0.11.0"
  dependenciesMeta:
    "@pkgjs/parseargs":
      optional: true
  checksum: 10/5032c43c0c1fb92e72846ce496df559214253bc6870c90399cbd7858571c53169d9494b7c152df04abcb75f2fb5e9cffe65651c67d573380adf3a482b150d84b
  languageName: node
  linkType: hard

"lru-cache@npm:^10.2.0":
  version: 10.2.2
  resolution: "lru-cache@npm:10.2.2"
  checksum: 10/ff1a496d30b5eaec2c9079080965bb0cede203cf878371f7033a007f1e54cd4aa13cc8abf7ccec4c994a83a22ed5476e83a55bb57cc07e6c1547a42937e42c37
  languageName: node
  linkType: hard

"mime-db@npm:1.52.0":
  version: 1.52.0
  resolution: "mime-db@npm:1.52.0"
  checksum: 10/54bb60bf39e6f8689f6622784e668a3d7f8bed6b0d886f5c3c446cb3284be28b30bf707ed05d0fe44a036f8469976b2629bbea182684977b084de9da274694d7
  languageName: node
  linkType: hard

"mime-types@npm:^2.1.12":
  version: 2.1.35
  resolution: "mime-types@npm:2.1.35"
  dependencies:
    mime-db: "npm:1.52.0"
  checksum: 10/89aa9651b67644035de2784a6e665fc685d79aba61857e02b9c8758da874a754aed4a9aced9265f5ed1171fd934331e5516b84a7f0218031b6fa0270eca1e51a
  languageName: node
  linkType: hard

"minimatch@npm:^3.0.4":
  version: 3.1.2
  resolution: "minimatch@npm:3.1.2"
  dependencies:
    brace-expansion: "npm:^1.1.7"
  checksum: 10/e0b25b04cd4ec6732830344e5739b13f8690f8a012d73445a4a19fbc623f5dd481ef7a5827fde25954cd6026fede7574cc54dc4643c99d6c6b653d6203f94634
  languageName: node
  linkType: hard

"minimatch@npm:^9.0.4":
  version: 9.0.4
  resolution: "minimatch@npm:9.0.4"
  dependencies:
    brace-expansion: "npm:^2.0.1"
  checksum: 10/4cdc18d112b164084513e890d6323370db14c22249d536ad1854539577a895e690a27513dc346392f61a4a50afbbd8abc88f3f25558bfbbbb862cd56508b20f5
  languageName: node
  linkType: hard

"minipass@npm:^5.0.0 || ^6.0.2 || ^7.0.0, minipass@npm:^7.1.2":
  version: 7.1.2
  resolution: "minipass@npm:7.1.2"
  checksum: 10/c25f0ee8196d8e6036661104bacd743785b2599a21de5c516b32b3fa2b83113ac89a2358465bc04956baab37ffb956ae43be679b2262bf7be15fce467ccd7950
  languageName: node
  linkType: hard

"ms@npm:2.1.2":
  version: 2.1.2
  resolution: "ms@npm:2.1.2"
  checksum: 10/673cdb2c3133eb050c745908d8ce632ed2c02d85640e2edb3ace856a2266a813b30c613569bf3354fdf4ea7d1a1494add3bfa95e2713baa27d0c2c71fc44f58f
  languageName: node
  linkType: hard

"node-fetch@npm:^2.6.7":
  version: 2.7.0
  resolution: "node-fetch@npm:2.7.0"
  dependencies:
    whatwg-url: "npm:^5.0.0"
  peerDependencies:
    encoding: ^0.1.0
  peerDependenciesMeta:
    encoding:
      optional: true
  checksum: 10/b24f8a3dc937f388192e59bcf9d0857d7b6940a2496f328381641cb616efccc9866e89ec43f2ec956bbd6c3d3ee05524ce77fe7b29ccd34692b3a16f237d6676
  languageName: node
  linkType: hard

"package-json-from-dist@npm:^1.0.0":
  version: 1.0.0
  resolution: "package-json-from-dist@npm:1.0.0"
  checksum: 10/ac706ec856a5a03f5261e4e48fa974f24feb044d51f84f8332e2af0af04fbdbdd5bbbfb9cbbe354190409bc8307c83a9e38c6672c3c8855f709afb0006a009ea
  languageName: node
  linkType: hard

"path-key@npm:^3.1.0":
  version: 3.1.1
  resolution: "path-key@npm:3.1.1"
  checksum: 10/55cd7a9dd4b343412a8386a743f9c746ef196e57c823d90ca3ab917f90ab9f13dd0ded27252ba49dbdfcab2b091d998bc446f6220cd3cea65db407502a740020
  languageName: node
  linkType: hard

"path-scurry@npm:^1.11.1":
  version: 1.11.1
  resolution: "path-scurry@npm:1.11.1"
  dependencies:
    lru-cache: "npm:^10.2.0"
    minipass: "npm:^5.0.0 || ^6.0.2 || ^7.0.0"
  checksum: 10/5e8845c159261adda6f09814d7725683257fcc85a18f329880ab4d7cc1d12830967eae5d5894e453f341710d5484b8fdbbd4d75181b4d6e1eb2f4dc7aeadc434
  languageName: node
  linkType: hard

"root-workspace-0b6124@workspace:.":
  version: 0.0.0-use.local
  resolution: "root-workspace-0b6124@workspace:."
  dependencies:
    "@actions/cache": "npm:3.2.4"
    glob: "npm:10.4.2"
  languageName: unknown
  linkType: soft

"sax@npm:>=0.6.0":
  version: 1.4.1
  resolution: "sax@npm:1.4.1"
  checksum: 10/b1c784b545019187b53a0c28edb4f6314951c971e2963a69739c6ce222bfbc767e54d320e689352daba79b7d5e06d22b5d7113b99336219d6e93718e2f99d335
  languageName: node
  linkType: hard

"semver@npm:^6.3.1":
  version: 6.3.1
  resolution: "semver@npm:6.3.1"
  bin:
    semver: bin/semver.js
  checksum: 10/1ef3a85bd02a760c6ef76a45b8c1ce18226de40831e02a00bad78485390b98b6ccaa31046245fc63bba4a47a6a592b6c7eedc65cc47126e60489f9cc1ce3ed7e
  languageName: node
  linkType: hard

"shebang-command@npm:^2.0.0":
  version: 2.0.0
  resolution: "shebang-command@npm:2.0.0"
  dependencies:
    shebang-regex: "npm:^3.0.0"
  checksum: 10/6b52fe87271c12968f6a054e60f6bde5f0f3d2db483a1e5c3e12d657c488a15474121a1d55cd958f6df026a54374ec38a4a963988c213b7570e1d51575cea7fa
  languageName: node
  linkType: hard

"shebang-regex@npm:^3.0.0":
  version: 3.0.0
  resolution: "shebang-regex@npm:3.0.0"
  checksum: 10/1a2bcae50de99034fcd92ad4212d8e01eedf52c7ec7830eedcf886622804fe36884278f2be8be0ea5fde3fd1c23911643a4e0f726c8685b61871c8908af01222
  languageName: node
  linkType: hard

"signal-exit@npm:^4.0.1":
  version: 4.1.0
  resolution: "signal-exit@npm:4.1.0"
  checksum: 10/c9fa63bbbd7431066174a48ba2dd9986dfd930c3a8b59de9c29d7b6854ec1c12a80d15310869ea5166d413b99f041bfa3dd80a7947bcd44ea8e6eb3ffeabfa1f
  languageName: node
  linkType: hard

"string-width-cjs@npm:string-width@^4.2.0, string-width@npm:^4.1.0":
  version: 4.2.3
  resolution: "string-width@npm:4.2.3"
  dependencies:
    emoji-regex: "npm:^8.0.0"
    is-fullwidth-code-point: "npm:^3.0.0"
    strip-ansi: "npm:^6.0.1"
  checksum: 10/e52c10dc3fbfcd6c3a15f159f54a90024241d0f149cf8aed2982a2d801d2e64df0bf1dc351cf8e95c3319323f9f220c16e740b06faecd53e2462df1d2b5443fb
  languageName: node
  linkType: hard

"string-width@npm:^5.0.1, string-width@npm:^5.1.2":
  version: 5.1.2
  resolution: "string-width@npm:5.1.2"
  dependencies:
    eastasianwidth: "npm:^0.2.0"
    emoji-regex: "npm:^9.2.2"
    strip-ansi: "npm:^7.0.1"
  checksum: 10/7369deaa29f21dda9a438686154b62c2c5f661f8dda60449088f9f980196f7908fc39fdd1803e3e01541970287cf5deae336798337e9319a7055af89dafa7193
  languageName: node
  linkType: hard

"strip-ansi-cjs@npm:strip-ansi@^6.0.1, strip-ansi@npm:^6.0.0, strip-ansi@npm:^6.0.1":
  version: 6.0.1
  resolution: "strip-ansi@npm:6.0.1"
  dependencies:
    ansi-regex: "npm:^5.0.1"
  checksum: 10/ae3b5436d34fadeb6096367626ce987057713c566e1e7768818797e00ac5d62023d0f198c4e681eae9e20701721980b26a64a8f5b91238869592a9c6800719a2
  languageName: node
  linkType: hard

"strip-ansi@npm:^7.0.1":
  version: 7.1.0
  resolution: "strip-ansi@npm:7.1.0"
  dependencies:
    ansi-regex: "npm:^6.0.1"
  checksum: 10/475f53e9c44375d6e72807284024ac5d668ee1d06010740dec0b9744f2ddf47de8d7151f80e5f6190fc8f384e802fdf9504b76a7e9020c9faee7103623338be2
  languageName: node
  linkType: hard

"strnum@npm:^1.0.5":
  version: 1.0.5
  resolution: "strnum@npm:1.0.5"
  checksum: 10/d3117975db8372d4d7b2c07601ed2f65bf21cc48d741f37a8617b76370d228f2ec26336e53791ebc3638264d23ca54e6c241f57f8c69bd4941c63c79440525ca
  languageName: node
  linkType: hard

"tr46@npm:~0.0.3":
  version: 0.0.3
  resolution: "tr46@npm:0.0.3"
  checksum: 10/8f1f5aa6cb232f9e1bdc86f485f916b7aa38caee8a778b378ffec0b70d9307873f253f5cbadbe2955ece2ac5c83d0dc14a77513166ccd0a0c7fe197e21396695
  languageName: node
  linkType: hard

"tslib@npm:^1.10.0":
  version: 1.14.1
  resolution: "tslib@npm:1.14.1"
  checksum: 10/7dbf34e6f55c6492637adb81b555af5e3b4f9cc6b998fb440dac82d3b42bdc91560a35a5fb75e20e24a076c651438234da6743d139e4feabf0783f3cdfe1dddb
  languageName: node
  linkType: hard

"tslib@npm:^2.2.0, tslib@npm:^2.6.2":
  version: 2.6.3
  resolution: "tslib@npm:2.6.3"
  checksum: 10/52109bb681f8133a2e58142f11a50e05476de4f075ca906d13b596ae5f7f12d30c482feb0bff167ae01cfc84c5803e575a307d47938999246f5a49d174fc558c
  languageName: node
  linkType: hard

"tunnel@npm:0.0.6, tunnel@npm:^0.0.6":
  version: 0.0.6
  resolution: "tunnel@npm:0.0.6"
  checksum: 10/cf1ffed5e67159b901a924dbf94c989f20b2b3b65649cfbbe4b6abb35955ce2cf7433b23498bdb2c5530ab185b82190fce531597b3b4a649f06a907fc8702405
  languageName: node
  linkType: hard

"undici@npm:^5.25.4":
  version: 5.28.4
  resolution: "undici@npm:5.28.4"
  dependencies:
    "@fastify/busboy": "npm:^2.0.0"
  checksum: 10/a666a9f5ac4270c659fafc33d78b6b5039a0adbae3e28f934774c85dcc66ea91da907896f12b414bd6f578508b44d5dc206fa636afa0e49a4e1c9e99831ff065
  languageName: node
  linkType: hard

"uuid@npm:^3.3.3":
  version: 3.4.0
  resolution: "uuid@npm:3.4.0"
  bin:
    uuid: ./bin/uuid
  checksum: 10/4f2b86432b04cc7c73a0dd1bcf11f1fc18349d65d2e4e32dd0fc658909329a1e0cc9244aa93f34c0cccfdd5ae1af60a149251a5f420ec3ac4223a3dab198fb2e
  languageName: node
  linkType: hard

"uuid@npm:^8.3.2":
  version: 8.3.2
  resolution: "uuid@npm:8.3.2"
  bin:
    uuid: dist/bin/uuid
  checksum: 10/9a5f7aa1d6f56dd1e8d5f2478f855f25c645e64e26e347a98e98d95781d5ed20062d6cca2eecb58ba7c84bc3910be95c0451ef4161906abaab44f9cb68ffbdd1
  languageName: node
  linkType: hard

"webidl-conversions@npm:^3.0.0":
  version: 3.0.1
  resolution: "webidl-conversions@npm:3.0.1"
  checksum: 10/b65b9f8d6854572a84a5c69615152b63371395f0c5dcd6729c45789052296df54314db2bc3e977df41705eacb8bc79c247cee139a63fa695192f95816ed528ad
  languageName: node
  linkType: hard

"whatwg-url@npm:^5.0.0":
  version: 5.0.0
  resolution: "whatwg-url@npm:5.0.0"
  dependencies:
    tr46: "npm:~0.0.3"
    webidl-conversions: "npm:^3.0.0"
  checksum: 10/f95adbc1e80820828b45cc671d97da7cd5e4ef9deb426c31bcd5ab00dc7103042291613b3ef3caec0a2335ed09e0d5ed026c940755dbb6d404e2b27f940fdf07
  languageName: node
  linkType: hard

"which@npm:^2.0.1":
  version: 2.0.2
  resolution: "which@npm:2.0.2"
  dependencies:
    isexe: "npm:^2.0.0"
  bin:
    node-which: ./bin/node-which
  checksum: 10/4782f8a1d6b8fc12c65e968fea49f59752bf6302dc43036c3bf87da718a80710f61a062516e9764c70008b487929a73546125570acea95c5b5dcc8ac3052c70f
  languageName: node
  linkType: hard

"wrap-ansi-cjs@npm:wrap-ansi@^7.0.0":
  version: 7.0.0
  resolution: "wrap-ansi@npm:7.0.0"
  dependencies:
    ansi-styles: "npm:^4.0.0"
    string-width: "npm:^4.1.0"
    strip-ansi: "npm:^6.0.0"
  checksum: 10/cebdaeca3a6880da410f75209e68cd05428580de5ad24535f22696d7d9cab134d1f8498599f344c3cf0fb37c1715807a183778d8c648d6cc0cb5ff2bb4236540
  languageName: node
  linkType: hard

"wrap-ansi@npm:^8.1.0":
  version: 8.1.0
  resolution: "wrap-ansi@npm:8.1.0"
  dependencies:
    ansi-styles: "npm:^6.1.0"
    string-width: "npm:^5.0.1"
    strip-ansi: "npm:^7.0.1"
  checksum: 10/7b1e4b35e9bb2312d2ee9ee7dc95b8cb5f8b4b5a89f7dde5543fe66c1e3715663094defa50d75454ac900bd210f702d575f15f3f17fa9ec0291806d2578d1ddf
  languageName: node
  linkType: hard

"xml2js@npm:^0.5.0":
  version: 0.5.0
  resolution: "xml2js@npm:0.5.0"
  dependencies:
    sax: "npm:>=0.6.0"
    xmlbuilder: "npm:~11.0.0"
  checksum: 10/27c4d759214e99be5ec87ee5cb1290add427fa43df509d3b92d10152b3806fd2f7c9609697a18b158ccf2caa01e96af067cdba93196f69ca10c90e4f79a08896
  languageName: node
  linkType: hard

"xmlbuilder@npm:~11.0.0":
  version: 11.0.1
  resolution: "xmlbuilder@npm:11.0.1"
  checksum: 10/c8c3d208783718db5b285101a736cd8e6b69a5c265199a0739abaa93d1a1b7de5489fd16df4e776e18b2c98cb91f421a7349e99fd8c1ebeb44ecfed72a25091a
  languageName: node
  linkType: hard
