PODS:
  - AppAuth (1.4.0):
    - AppAuth/Core (= 1.4.0)
    - AppAuth/ExternalUserAgent (= 1.4.0)
  - AppAuth/Core (1.4.0)
  - AppAuth/ExternalUserAgent (1.4.0)
  - Base64 (1.1.2)
  - boost (1.76.0)
  - CocoaAsyncSocket (7.6.5)
  - CodePush (7.0.3):
    - Base64 (~> 1.1)
    - JWT (~> 3.0.0-beta.12)
    - React-Core
    - SSZipArchive (~> 2.2.2)
  - DoubleConversion (1.1.6)
  - EXApplication (3.2.0):
    - UMCore
  - EXBarCodeScanner (10.2.2):
    - ExpoModulesCore
    - UMCore
    - ZXingObjC/OneD
    - ZXingObjC/PDF417
  - EXConstants (11.0.1):
    - ExpoModulesCore
    - UMCore
  - EXFileSystem (11.1.3):
    - ExpoModulesCore
    - UMCore
  - EXHaptics (10.1.0):
    - UMCore
  - EXImageLoader (2.2.0):
    - ExpoModulesCore
    - React-Core
    - UMCore
  - EXLocalAuthentication (11.1.1):
    - UMCore
  - EXNotifications (0.12.3):
    - ExpoModulesCore
    - UMCore
  - ExpoModulesCore (0.2.0):
    - ExpoModulesCore/Core (= 0.2.0)
    - ExpoModulesCore/Interfaces (= 0.2.0)
    - UMCore
  - ExpoModulesCore/Core (0.2.0):
    - UMCore
  - ExpoModulesCore/Interfaces (0.2.0):
    - ExpoModulesCore/Core
    - UMCore
  - FBLazyVector (0.66.0)
  - FBReactNativeSpec (0.66.0):
    - RCT-Folly (= 2021.06.28.00-v2)
    - RCTRequired (= 0.66.0)
    - RCTTypeSafety (= 0.66.0)
    - React-Core (= 0.66.0)
    - React-jsi (= 0.66.0)
    - ReactCommon/turbomodule/core (= 0.66.0)
  - Firebase/CoreOnly (8.8.0):
    - FirebaseCore (= 8.8.0)
  - Firebase/Messaging (8.8.0):
    - Firebase/CoreOnly
    - FirebaseMessaging (~> 8.8.0)
  - Firebase/Performance (8.8.0):
    - Firebase/CoreOnly
    - FirebasePerformance (~> 8.8.0)
  - FirebaseABTesting (8.8.0):
    - FirebaseCore (~> 8.0)
  - FirebaseCore (8.8.0):
    - FirebaseCoreDiagnostics (~> 8.0)
    - GoogleUtilities/Environment (~> 7.4)
    - GoogleUtilities/Logger (~> 7.4)
  - FirebaseCoreDiagnostics (8.8.0):
    - GoogleDataTransport (~> 9.0)
    - GoogleUtilities/Environment (~> 7.4)
    - GoogleUtilities/Logger (~> 7.4)
    - nanopb (~> 2.30908.0)
  - FirebaseInstallations (8.8.0):
    - FirebaseCore (~> 8.0)
    - GoogleUtilities/Environment (~> 7.4)
    - GoogleUtilities/UserDefaults (~> 7.4)
    - PromisesObjC (< 3.0, >= 1.2)
  - FirebaseMessaging (8.8.0):
    - FirebaseCore (~> 8.0)
    - FirebaseInstallations (~> 8.0)
    - GoogleDataTransport (~> 9.0)
    - GoogleUtilities/AppDelegateSwizzler (~> 7.4)
    - GoogleUtilities/Environment (~> 7.4)
    - GoogleUtilities/Reachability (~> 7.4)
    - GoogleUtilities/UserDefaults (~> 7.4)
    - nanopb (~> 2.30908.0)
  - FirebasePerformance (8.8.0):
    - FirebaseCore (~> 8.0)
    - FirebaseInstallations (~> 8.0)
    - FirebaseRemoteConfig (~> 8.0)
    - GoogleDataTransport (~> 9.0)
    - GoogleUtilities/Environment (~> 7.4)
    - GoogleUtilities/ISASwizzler (~> 7.4)
    - GoogleUtilities/MethodSwizzler (~> 7.4)
    - nanopb (~> 2.30908.0)
  - FirebaseRemoteConfig (8.8.0):
    - FirebaseABTesting (~> 8.0)
    - FirebaseCore (~> 8.0)
    - FirebaseInstallations (~> 8.0)
    - GoogleUtilities/Environment (~> 7.4)
    - "GoogleUtilities/NSData+zlib (~> 7.4)"
  - Flipper (0.92.0):
    - Flipper-Folly (~> 2.6)
    - Flipper-RSocket (~> 1.4)
  - Flipper-Boost-iOSX (1.76.0.1.11)
  - Flipper-DoubleConversion (3.1.7)
  - Flipper-Fmt (7.1.7)
  - Flipper-Folly (2.6.7):
    - Flipper-Boost-iOSX
    - Flipper-DoubleConversion
    - Flipper-Fmt (= 7.1.7)
    - Flipper-Glog
    - libevent (~> 2.1.12)
    - OpenSSL-Universal (= 1.1.180)
  - Flipper-Glog (0.3.6)
  - Flipper-PeerTalk (0.0.4)
  - Flipper-RSocket (1.4.3):
    - Flipper-Folly (~> 2.6)
  - FlipperKit (0.92.0):
    - FlipperKit/Core (= 0.92.0)
  - FlipperKit/Core (0.92.0):
    - Flipper (~> 0.92.0)
    - FlipperKit/CppBridge
    - FlipperKit/FBCxxFollyDynamicConvert
    - FlipperKit/FBDefines
    - FlipperKit/FKPortForwarding
  - FlipperKit/CppBridge (0.92.0):
    - Flipper (~> 0.92.0)
  - FlipperKit/FBCxxFollyDynamicConvert (0.92.0):
    - Flipper-Folly (~> 2.6)
  - FlipperKit/FBDefines (0.92.0)
  - FlipperKit/FKPortForwarding (0.92.0):
    - CocoaAsyncSocket (~> 7.6)
    - Flipper-PeerTalk (~> 0.0.4)
  - FlipperKit/FlipperKitHighlightOverlay (0.92.0)
  - FlipperKit/FlipperKitLayoutHelpers (0.92.0):
    - FlipperKit/Core
    - FlipperKit/FlipperKitHighlightOverlay
    - FlipperKit/FlipperKitLayoutTextSearchable
  - FlipperKit/FlipperKitLayoutIOSDescriptors (0.92.0):
    - FlipperKit/Core
    - FlipperKit/FlipperKitHighlightOverlay
    - FlipperKit/FlipperKitLayoutHelpers
    - YogaKit (~> 1.18)
  - FlipperKit/FlipperKitLayoutPlugin (0.92.0):
    - FlipperKit/Core
    - FlipperKit/FlipperKitHighlightOverlay
    - FlipperKit/FlipperKitLayoutHelpers
    - FlipperKit/FlipperKitLayoutIOSDescriptors
    - FlipperKit/FlipperKitLayoutTextSearchable
    - YogaKit (~> 1.18)
  - FlipperKit/FlipperKitLayoutTextSearchable (0.92.0)
  - FlipperKit/FlipperKitNetworkPlugin (0.92.0):
    - FlipperKit/Core
  - FlipperKit/FlipperKitReactPlugin (0.92.0):
    - FlipperKit/Core
  - FlipperKit/FlipperKitUserDefaultsPlugin (0.92.0):
    - FlipperKit/Core
  - FlipperKit/SKIOSNetworkPlugin (0.92.0):
    - FlipperKit/Core
    - FlipperKit/FlipperKitNetworkPlugin
  - fmt (6.2.1)
  - glog (0.3.5)
  - GoogleDataTransport (9.1.0):
    - GoogleUtilities/Environment (~> 7.2)
    - nanopb (~> 2.30908.0)
    - PromisesObjC (< 3.0, >= 1.2)
  - GoogleUtilities/AppDelegateSwizzler (7.5.2):
    - GoogleUtilities/Environment
    - GoogleUtilities/Logger
    - GoogleUtilities/Network
  - GoogleUtilities/Environment (7.5.2):
    - PromisesObjC (< 3.0, >= 1.2)
  - GoogleUtilities/ISASwizzler (7.5.2)
  - GoogleUtilities/Logger (7.5.2):
    - GoogleUtilities/Environment
  - GoogleUtilities/MethodSwizzler (7.5.2):
    - GoogleUtilities/Logger
  - GoogleUtilities/Network (7.5.2):
    - GoogleUtilities/Logger
    - "GoogleUtilities/NSData+zlib"
    - GoogleUtilities/Reachability
  - "GoogleUtilities/NSData+zlib (7.5.2)"
  - GoogleUtilities/Reachability (7.5.2):
    - GoogleUtilities/Logger
  - GoogleUtilities/UserDefaults (7.5.2):
    - GoogleUtilities/Logger
  - hermes-engine (0.9.0)
  - Interactable (2.0.1):
    - React
  - IQKeyboardManagerSwift (6.5.4)
  - JWT (3.0.0-beta.14):
    - Base64 (~> 1.1.2)
  - libevent (2.1.12)
  - nanopb (2.30908.0):
    - nanopb/decode (= 2.30908.0)
    - nanopb/encode (= 2.30908.0)
  - nanopb/decode (2.30908.0)
  - nanopb/encode (2.30908.0)
  - OpenSSL-Universal (1.1.180)
  - PromisesObjC (2.0.0)
  - RCT-Folly (2021.06.28.00-v2):
    - boost
    - DoubleConversion
    - fmt (~> 6.2.1)
    - glog
    - RCT-Folly/Default (= 2021.06.28.00-v2)
  - RCT-Folly/Default (2021.06.28.00-v2):
    - boost
    - DoubleConversion
    - fmt (~> 6.2.1)
    - glog
  - RCT-Folly/Futures (2021.06.28.00-v2):
    - boost
    - DoubleConversion
    - fmt (~> 6.2.1)
    - glog
    - libevent
  - RCTRequired (0.66.0)
  - RCTTypeSafety (0.66.0):
    - FBLazyVector (= 0.66.0)
    - RCT-Folly (= 2021.06.28.00-v2)
    - RCTRequired (= 0.66.0)
    - React-Core (= 0.66.0)
  - React (0.66.0):
    - React-Core (= 0.66.0)
    - React-Core/DevSupport (= 0.66.0)
    - React-Core/RCTWebSocket (= 0.66.0)
    - React-RCTActionSheet (= 0.66.0)
    - React-RCTAnimation (= 0.66.0)
    - React-RCTBlob (= 0.66.0)
    - React-RCTImage (= 0.66.0)
    - React-RCTLinking (= 0.66.0)
    - React-RCTNetwork (= 0.66.0)
    - React-RCTSettings (= 0.66.0)
    - React-RCTText (= 0.66.0)
    - React-RCTVibration (= 0.66.0)
  - React-callinvoker (0.66.0)
  - React-Core (0.66.0):
    - glog
    - RCT-Folly (= 2021.06.28.00-v2)
    - React-Core/Default (= 0.66.0)
    - React-cxxreact (= 0.66.0)
    - React-jsi (= 0.66.0)
    - React-jsiexecutor (= 0.66.0)
    - React-perflogger (= 0.66.0)
    - Yoga
  - React-Core/CoreModulesHeaders (0.66.0):
    - glog
    - RCT-Folly (= 2021.06.28.00-v2)
    - React-Core/Default
    - React-cxxreact (= 0.66.0)
    - React-jsi (= 0.66.0)
    - React-jsiexecutor (= 0.66.0)
    - React-perflogger (= 0.66.0)
    - Yoga
  - React-Core/Default (0.66.0):
    - glog
    - RCT-Folly (= 2021.06.28.00-v2)
    - React-cxxreact (= 0.66.0)
    - React-jsi (= 0.66.0)
    - React-jsiexecutor (= 0.66.0)
    - React-perflogger (= 0.66.0)
    - Yoga
  - React-Core/DevSupport (0.66.0):
    - glog
    - RCT-Folly (= 2021.06.28.00-v2)
    - React-Core/Default (= 0.66.0)
    - React-Core/RCTWebSocket (= 0.66.0)
    - React-cxxreact (= 0.66.0)
    - React-jsi (= 0.66.0)
    - React-jsiexecutor (= 0.66.0)
    - React-jsinspector (= 0.66.0)
    - React-perflogger (= 0.66.0)
    - Yoga
  - React-Core/RCTActionSheetHeaders (0.66.0):
    - glog
    - RCT-Folly (= 2021.06.28.00-v2)
    - React-Core/Default
    - React-cxxreact (= 0.66.0)
    - React-jsi (= 0.66.0)
    - React-jsiexecutor (= 0.66.0)
    - React-perflogger (= 0.66.0)
    - Yoga
  - React-Core/RCTAnimationHeaders (0.66.0):
    - glog
    - RCT-Folly (= 2021.06.28.00-v2)
    - React-Core/Default
    - React-cxxreact (= 0.66.0)
    - React-jsi (= 0.66.0)
    - React-jsiexecutor (= 0.66.0)
    - React-perflogger (= 0.66.0)
    - Yoga
  - React-Core/RCTBlobHeaders (0.66.0):
    - glog
    - RCT-Folly (= 2021.06.28.00-v2)
    - React-Core/Default
    - React-cxxreact (= 0.66.0)
    - React-jsi (= 0.66.0)
    - React-jsiexecutor (= 0.66.0)
    - React-perflogger (= 0.66.0)
    - Yoga
  - React-Core/RCTImageHeaders (0.66.0):
    - glog
    - RCT-Folly (= 2021.06.28.00-v2)
    - React-Core/Default
    - React-cxxreact (= 0.66.0)
    - React-jsi (= 0.66.0)
    - React-jsiexecutor (= 0.66.0)
    - React-perflogger (= 0.66.0)
    - Yoga
  - React-Core/RCTLinkingHeaders (0.66.0):
    - glog
    - RCT-Folly (= 2021.06.28.00-v2)
    - React-Core/Default
    - React-cxxreact (= 0.66.0)
    - React-jsi (= 0.66.0)
    - React-jsiexecutor (= 0.66.0)
    - React-perflogger (= 0.66.0)
    - Yoga
  - React-Core/RCTNetworkHeaders (0.66.0):
    - glog
    - RCT-Folly (= 2021.06.28.00-v2)
    - React-Core/Default
    - React-cxxreact (= 0.66.0)
    - React-jsi (= 0.66.0)
    - React-jsiexecutor (= 0.66.0)
    - React-perflogger (= 0.66.0)
    - Yoga
  - React-Core/RCTSettingsHeaders (0.66.0):
    - glog
    - RCT-Folly (= 2021.06.28.00-v2)
    - React-Core/Default
    - React-cxxreact (= 0.66.0)
    - React-jsi (= 0.66.0)
    - React-jsiexecutor (= 0.66.0)
    - React-perflogger (= 0.66.0)
    - Yoga
  - React-Core/RCTTextHeaders (0.66.0):
    - glog
    - RCT-Folly (= 2021.06.28.00-v2)
    - React-Core/Default
    - React-cxxreact (= 0.66.0)
    - React-jsi (= 0.66.0)
    - React-jsiexecutor (= 0.66.0)
    - React-perflogger (= 0.66.0)
    - Yoga
  - React-Core/RCTVibrationHeaders (0.66.0):
    - glog
    - RCT-Folly (= 2021.06.28.00-v2)
    - React-Core/Default
    - React-cxxreact (= 0.66.0)
    - React-jsi (= 0.66.0)
    - React-jsiexecutor (= 0.66.0)
    - React-perflogger (= 0.66.0)
    - Yoga
  - React-Core/RCTWebSocket (0.66.0):
    - glog
    - RCT-Folly (= 2021.06.28.00-v2)
    - React-Core/Default (= 0.66.0)
    - React-cxxreact (= 0.66.0)
    - React-jsi (= 0.66.0)
    - React-jsiexecutor (= 0.66.0)
    - React-perflogger (= 0.66.0)
    - Yoga
  - React-CoreModules (0.66.0):
    - FBReactNativeSpec (= 0.66.0)
    - RCT-Folly (= 2021.06.28.00-v2)
    - RCTTypeSafety (= 0.66.0)
    - React-Core/CoreModulesHeaders (= 0.66.0)
    - React-jsi (= 0.66.0)
    - React-RCTImage (= 0.66.0)
    - ReactCommon/turbomodule/core (= 0.66.0)
  - React-cxxreact (0.66.0):
    - boost (= 1.76.0)
    - DoubleConversion
    - glog
    - RCT-Folly (= 2021.06.28.00-v2)
    - React-callinvoker (= 0.66.0)
    - React-jsi (= 0.66.0)
    - React-jsinspector (= 0.66.0)
    - React-logger (= 0.66.0)
    - React-perflogger (= 0.66.0)
    - React-runtimeexecutor (= 0.66.0)
  - React-hermes (0.66.0):
    - DoubleConversion
    - glog
    - hermes-engine
    - RCT-Folly (= 2021.06.28.00-v2)
    - RCT-Folly/Futures (= 2021.06.28.00-v2)
    - React-cxxreact (= 0.66.0)
    - React-jsi (= 0.66.0)
    - React-jsiexecutor (= 0.66.0)
    - React-jsinspector (= 0.66.0)
    - React-perflogger (= 0.66.0)
  - React-jsi (0.66.0):
    - boost (= 1.76.0)
    - DoubleConversion
    - glog
    - RCT-Folly (= 2021.06.28.00-v2)
    - React-jsi/Default (= 0.66.0)
  - React-jsi/Default (0.66.0):
    - boost (= 1.76.0)
    - DoubleConversion
    - glog
    - RCT-Folly (= 2021.06.28.00-v2)
  - React-jsiexecutor (0.66.0):
    - DoubleConversion
    - glog
    - RCT-Folly (= 2021.06.28.00-v2)
    - React-cxxreact (= 0.66.0)
    - React-jsi (= 0.66.0)
    - React-perflogger (= 0.66.0)
  - React-jsinspector (0.66.0)
  - React-logger (0.66.0):
    - glog
  - react-native-app-auth (6.4.0):
    - AppAuth (= 1.4.0)
    - React-Core
  - react-native-cookies (1.1.1):
    - React
  - react-native-flipper (0.104.0):
    - React-Core
  - react-native-passkit-wallet (0.1.4):
    - React
  - react-native-pdf (6.3.0):
    - React-Core
  - react-native-progress-view (1.3.1):
    - React-Core
  - react-native-randombytes (3.6.1):
    - React-Core
  - react-native-spotlight-search (2.0.0):
    - React
  - react-native-ultimate-config (3.4.1):
    - React
  - react-native-webview (11.14.0):
    - React-Core
  - React-perflogger (0.66.0)
  - React-RCTActionSheet (0.66.0):
    - React-Core/RCTActionSheetHeaders (= 0.66.0)
  - React-RCTAnimation (0.66.0):
    - FBReactNativeSpec (= 0.66.0)
    - RCT-Folly (= 2021.06.28.00-v2)
    - RCTTypeSafety (= 0.66.0)
    - React-Core/RCTAnimationHeaders (= 0.66.0)
    - React-jsi (= 0.66.0)
    - ReactCommon/turbomodule/core (= 0.66.0)
  - React-RCTBlob (0.66.0):
    - FBReactNativeSpec (= 0.66.0)
    - RCT-Folly (= 2021.06.28.00-v2)
    - React-Core/RCTBlobHeaders (= 0.66.0)
    - React-Core/RCTWebSocket (= 0.66.0)
    - React-jsi (= 0.66.0)
    - React-RCTNetwork (= 0.66.0)
    - ReactCommon/turbomodule/core (= 0.66.0)
  - React-RCTImage (0.66.0):
    - FBReactNativeSpec (= 0.66.0)
    - RCT-Folly (= 2021.06.28.00-v2)
    - RCTTypeSafety (= 0.66.0)
    - React-Core/RCTImageHeaders (= 0.66.0)
    - React-jsi (= 0.66.0)
    - React-RCTNetwork (= 0.66.0)
    - ReactCommon/turbomodule/core (= 0.66.0)
  - React-RCTLinking (0.66.0):
    - FBReactNativeSpec (= 0.66.0)
    - React-Core/RCTLinkingHeaders (= 0.66.0)
    - React-jsi (= 0.66.0)
    - ReactCommon/turbomodule/core (= 0.66.0)
  - React-RCTNetwork (0.66.0):
    - FBReactNativeSpec (= 0.66.0)
    - RCT-Folly (= 2021.06.28.00-v2)
    - RCTTypeSafety (= 0.66.0)
    - React-Core/RCTNetworkHeaders (= 0.66.0)
    - React-jsi (= 0.66.0)
    - ReactCommon/turbomodule/core (= 0.66.0)
  - React-RCTSettings (0.66.0):
    - FBReactNativeSpec (= 0.66.0)
    - RCT-Folly (= 2021.06.28.00-v2)
    - RCTTypeSafety (= 0.66.0)
    - React-Core/RCTSettingsHeaders (= 0.66.0)
    - React-jsi (= 0.66.0)
    - ReactCommon/turbomodule/core (= 0.66.0)
  - React-RCTText (0.66.0):
    - React-Core/RCTTextHeaders (= 0.66.0)
  - React-RCTVibration (0.66.0):
    - FBReactNativeSpec (= 0.66.0)
    - RCT-Folly (= 2021.06.28.00-v2)
    - React-Core/RCTVibrationHeaders (= 0.66.0)
    - React-jsi (= 0.66.0)
    - ReactCommon/turbomodule/core (= 0.66.0)
  - React-runtimeexecutor (0.66.0):
    - React-jsi (= 0.66.0)
  - ReactCommon/turbomodule/core (0.66.0):
    - DoubleConversion
    - glog
    - RCT-Folly (= 2021.06.28.00-v2)
    - React-callinvoker (= 0.66.0)
    - React-Core (= 0.66.0)
    - React-cxxreact (= 0.66.0)
    - React-jsi (= 0.66.0)
    - React-logger (= 0.66.0)
    - React-perflogger (= 0.66.0)
  - ReactNativeKeyboardManager (6.5.4-3):
    - IQKeyboardManagerSwift (= 6.5.4)
    - React-Core
    - React-RCTText
  - ReactNativeNavigation (7.19.1):
    - React-Core
    - React-RCTImage
    - React-RCTText
    - ReactNativeNavigation/Core (= 7.19.1)
  - ReactNativeNavigation/Core (7.19.1):
    - React-Core
    - React-RCTImage
    - React-RCTText
  - rn-fetch-blob (0.12.0):
    - React-Core
  - RNCAsyncStorage (1.12.1):
    - React-Core
  - RNFBApp (12.9.0):
    - Firebase/CoreOnly (= 8.8.0)
    - React-Core
  - RNFBMessaging (12.9.0):
    - Firebase/Messaging (= 8.8.0)
    - React-Core
    - RNFBApp
  - RNFBPerf (12.9.0):
    - Firebase/Performance (= 8.8.0)
    - React-Core
    - RNFBApp
  - RNKeychain (8.0.0):
    - React-Core
  - RNQuickAction (0.3.13):
    - React
  - RNSentry (3.1.1):
    - React-Core
    - Sentry (= 7.3.0)
  - Sentry (7.3.0):
    - Sentry/Core (= 7.3.0)
  - Sentry/Core (7.3.0)
  - SSZipArchive (2.2.3)
  - UMAppLoader (2.2.0)
  - UMCore (7.1.2)
  - UMReactNativeAdapter (6.3.9):
    - ExpoModulesCore
    - React-Core
    - UMCore
  - UMTaskManagerInterface (6.2.0):
    - UMCore
  - Yoga (1.14.0)
  - YogaKit (1.18.1):
    - Yoga (~> 1.14)
  - ZXingObjC/Core (3.6.5)
  - ZXingObjC/OneD (3.6.5):
    - ZXingObjC/Core
  - ZXingObjC/PDF417 (3.6.5):
    - ZXingObjC/Core

DEPENDENCIES:
  - boost (from `../../../../node_modules/react-native/third-party-podspecs/boost.podspec`)
  - CodePush (from `../../node_modules/react-native-code-push`)
  - DoubleConversion (from `../../../../node_modules/react-native/third-party-podspecs/DoubleConversion.podspec`)
  - EXApplication (from `../../node_modules/expo-application/ios`)
  - EXBarCodeScanner (from `../../node_modules/expo-barcode-scanner/ios`)
  - EXConstants (from `../../node_modules/expo-constants/ios`)
  - EXFileSystem (from `../../node_modules/expo-file-system/ios`)
  - EXHaptics (from `../../node_modules/expo-haptics/ios`)
  - EXImageLoader (from `../../node_modules/expo-image-loader/ios`)
  - EXLocalAuthentication (from `../../node_modules/expo-local-authentication/ios`)
  - EXNotifications (from `../../node_modules/expo-notifications/ios`)
  - ExpoModulesCore (from `../../node_modules/expo-modules-core/ios`)
  - FBLazyVector (from `../../../../node_modules/react-native/Libraries/FBLazyVector`)
  - FBReactNativeSpec (from `../../../../node_modules/react-native/React/FBReactNativeSpec`)
  - Flipper (= 0.92.0)
  - Flipper-Boost-iOSX (= 1.76.0.1.11)
  - Flipper-DoubleConversion (= 3.1.7)
  - Flipper-Fmt (= 7.1.7)
  - Flipper-Folly (= 2.6.7)
  - Flipper-Glog (= 0.3.6)
  - Flipper-PeerTalk (= 0.0.4)
  - Flipper-RSocket (= 1.4.3)
  - FlipperKit (= 0.92.0)
  - FlipperKit/Core (= 0.92.0)
  - FlipperKit/CppBridge (= 0.92.0)
  - FlipperKit/FBCxxFollyDynamicConvert (= 0.92.0)
  - FlipperKit/FBDefines (= 0.92.0)
  - FlipperKit/FKPortForwarding (= 0.92.0)
  - FlipperKit/FlipperKitHighlightOverlay (= 0.92.0)
  - FlipperKit/FlipperKitLayoutPlugin (= 0.92.0)
  - FlipperKit/FlipperKitLayoutTextSearchable (= 0.92.0)
  - FlipperKit/FlipperKitNetworkPlugin (= 0.92.0)
  - FlipperKit/FlipperKitReactPlugin (= 0.92.0)
  - FlipperKit/FlipperKitUserDefaultsPlugin (= 0.92.0)
  - FlipperKit/SKIOSNetworkPlugin (= 0.92.0)
  - glog (from `../../../../node_modules/react-native/third-party-podspecs/glog.podspec`)
  - hermes-engine (~> 0.9.0)
  - Interactable (from `../../node_modules/react-native-interactable`)
  - libevent (~> 2.1.12)
  - RCT-Folly (from `../../../../node_modules/react-native/third-party-podspecs/RCT-Folly.podspec`)
  - RCTRequired (from `../../../../node_modules/react-native/Libraries/RCTRequired`)
  - RCTTypeSafety (from `../../../../node_modules/react-native/Libraries/TypeSafety`)
  - React (from `../../../../node_modules/react-native/`)
  - React-callinvoker (from `../../../../node_modules/react-native/ReactCommon/callinvoker`)
  - React-Core (from `../../../../node_modules/react-native/`)
  - React-Core/DevSupport (from `../../../../node_modules/react-native/`)
  - React-Core/RCTWebSocket (from `../../../../node_modules/react-native/`)
  - React-CoreModules (from `../../../../node_modules/react-native/React/CoreModules`)
  - React-cxxreact (from `../../../../node_modules/react-native/ReactCommon/cxxreact`)
  - React-hermes (from `../../../../node_modules/react-native/ReactCommon/hermes`)
  - React-jsi (from `../../../../node_modules/react-native/ReactCommon/jsi`)
  - React-jsiexecutor (from `../../../../node_modules/react-native/ReactCommon/jsiexecutor`)
  - React-jsinspector (from `../../../../node_modules/react-native/ReactCommon/jsinspector`)
  - React-logger (from `../../../../node_modules/react-native/ReactCommon/logger`)
  - react-native-app-auth (from `../../node_modules/react-native-app-auth`)
  - "react-native-cookies (from `../../node_modules/@react-native-community/react-native-cookies/ios`)"
  - react-native-flipper (from `../../node_modules/react-native-flipper`)
  - react-native-passkit-wallet (from `../../node_modules/react-native-passkit-wallet`)
  - react-native-pdf (from `../../node_modules/react-native-pdf`)
  - "react-native-progress-view (from `../../node_modules/@react-native-community/progress-view`)"
  - react-native-randombytes (from `../../node_modules/react-native-randombytes`)
  - react-native-spotlight-search (from `../../node_modules/react-native-spotlight-search`)
  - react-native-ultimate-config (from `../../node_modules/react-native-ultimate-config`)
  - react-native-webview (from `../../node_modules/react-native-webview`)
  - React-perflogger (from `../../../../node_modules/react-native/ReactCommon/reactperflogger`)
  - React-RCTActionSheet (from `../../../../node_modules/react-native/Libraries/ActionSheetIOS`)
  - React-RCTAnimation (from `../../../../node_modules/react-native/Libraries/NativeAnimation`)
  - React-RCTBlob (from `../../../../node_modules/react-native/Libraries/Blob`)
  - React-RCTImage (from `../../../../node_modules/react-native/Libraries/Image`)
  - React-RCTLinking (from `../../../../node_modules/react-native/Libraries/LinkingIOS`)
  - React-RCTNetwork (from `../../../../node_modules/react-native/Libraries/Network`)
  - React-RCTSettings (from `../../../../node_modules/react-native/Libraries/Settings`)
  - React-RCTText (from `../../../../node_modules/react-native/Libraries/Text`)
  - React-RCTVibration (from `../../../../node_modules/react-native/Libraries/Vibration`)
  - React-runtimeexecutor (from `../../../../node_modules/react-native/ReactCommon/runtimeexecutor`)
  - ReactCommon/turbomodule/core (from `../../../../node_modules/react-native/ReactCommon`)
  - ReactNativeKeyboardManager (from `../../node_modules/react-native-keyboard-manager`)
  - ReactNativeNavigation (from `../../node_modules/react-native-navigation`)
  - rn-fetch-blob (from `../../node_modules/rn-fetch-blob`)
  - "RNCAsyncStorage (from `../../node_modules/@react-native-community/async-storage`)"
  - "RNFBApp (from `../../node_modules/@react-native-firebase/app`)"
  - "RNFBMessaging (from `../../node_modules/@react-native-firebase/messaging`)"
  - "RNFBPerf (from `../../node_modules/@react-native-firebase/perf`)"
  - RNKeychain (from `../../node_modules/react-native-keychain`)
  - RNQuickAction (from `../../node_modules/react-native-quick-actions`)
  - "RNSentry (from `../../node_modules/@sentry/react-native`)"
  - UMAppLoader (from `../../node_modules/unimodules-app-loader/ios`)
  - "UMCore (from `../../node_modules/@unimodules/core/ios`)"
  - "UMReactNativeAdapter (from `../../node_modules/@unimodules/react-native-adapter/ios`)"
  - UMTaskManagerInterface (from `../../node_modules/unimodules-task-manager-interface/ios`)
  - Yoga (from `../../../../node_modules/react-native/ReactCommon/yoga`)

SPEC REPOS:
  trunk:
    - AppAuth
    - Base64
    - CocoaAsyncSocket
    - Firebase
    - FirebaseABTesting
    - FirebaseCore
    - FirebaseCoreDiagnostics
    - FirebaseInstallations
    - FirebaseMessaging
    - FirebasePerformance
    - FirebaseRemoteConfig
    - Flipper
    - Flipper-Boost-iOSX
    - Flipper-DoubleConversion
    - Flipper-Fmt
    - Flipper-Folly
    - Flipper-Glog
    - Flipper-PeerTalk
    - Flipper-RSocket
    - FlipperKit
    - fmt
    - GoogleDataTransport
    - GoogleUtilities
    - hermes-engine
    - IQKeyboardManagerSwift
    - JWT
    - libevent
    - nanopb
    - OpenSSL-Universal
    - PromisesObjC
    - Sentry
    - SSZipArchive
    - YogaKit
    - ZXingObjC

EXTERNAL SOURCES:
  boost:
    :podspec: "../../../../node_modules/react-native/third-party-podspecs/boost.podspec"
  CodePush:
    :path: "../../node_modules/react-native-code-push"
  DoubleConversion:
    :podspec: "../../../../node_modules/react-native/third-party-podspecs/DoubleConversion.podspec"
  EXApplication:
    :path: "../../node_modules/expo-application/ios"
  EXBarCodeScanner:
    :path: "../../node_modules/expo-barcode-scanner/ios"
  EXConstants:
    :path: "../../node_modules/expo-constants/ios"
  EXFileSystem:
    :path: "../../node_modules/expo-file-system/ios"
  EXHaptics:
    :path: "../../node_modules/expo-haptics/ios"
  EXImageLoader:
    :path: "../../node_modules/expo-image-loader/ios"
  EXLocalAuthentication:
    :path: "../../node_modules/expo-local-authentication/ios"
  EXNotifications:
    :path: "../../node_modules/expo-notifications/ios"
  ExpoModulesCore:
    :path: "../../node_modules/expo-modules-core/ios"
  FBLazyVector:
    :path: "../../../../node_modules/react-native/Libraries/FBLazyVector"
  FBReactNativeSpec:
    :path: "../../../../node_modules/react-native/React/FBReactNativeSpec"
  glog:
    :podspec: "../../../../node_modules/react-native/third-party-podspecs/glog.podspec"
  Interactable:
    :path: "../../node_modules/react-native-interactable"
  RCT-Folly:
    :podspec: "../../../../node_modules/react-native/third-party-podspecs/RCT-Folly.podspec"
  RCTRequired:
    :path: "../../../../node_modules/react-native/Libraries/RCTRequired"
  RCTTypeSafety:
    :path: "../../../../node_modules/react-native/Libraries/TypeSafety"
  React:
    :path: "../../../../node_modules/react-native/"
  React-callinvoker:
    :path: "../../../../node_modules/react-native/ReactCommon/callinvoker"
  React-Core:
    :path: "../../../../node_modules/react-native/"
  React-CoreModules:
    :path: "../../../../node_modules/react-native/React/CoreModules"
  React-cxxreact:
    :path: "../../../../node_modules/react-native/ReactCommon/cxxreact"
  React-hermes:
    :path: "../../../../node_modules/react-native/ReactCommon/hermes"
  React-jsi:
    :path: "../../../../node_modules/react-native/ReactCommon/jsi"
  React-jsiexecutor:
    :path: "../../../../node_modules/react-native/ReactCommon/jsiexecutor"
  React-jsinspector:
    :path: "../../../../node_modules/react-native/ReactCommon/jsinspector"
  React-logger:
    :path: "../../../../node_modules/react-native/ReactCommon/logger"
  react-native-app-auth:
    :path: "../../node_modules/react-native-app-auth"
  react-native-cookies:
    :path: "../../node_modules/@react-native-community/react-native-cookies/ios"
  react-native-flipper:
    :path: "../../node_modules/react-native-flipper"
  react-native-passkit-wallet:
    :path: "../../node_modules/react-native-passkit-wallet"
  react-native-pdf:
    :path: "../../node_modules/react-native-pdf"
  react-native-progress-view:
    :path: "../../node_modules/@react-native-community/progress-view"
  react-native-randombytes:
    :path: "../../node_modules/react-native-randombytes"
  react-native-spotlight-search:
    :path: "../../node_modules/react-native-spotlight-search"
  react-native-ultimate-config:
    :path: "../../node_modules/react-native-ultimate-config"
  react-native-webview:
    :path: "../../node_modules/react-native-webview"
  React-perflogger:
    :path: "../../../../node_modules/react-native/ReactCommon/reactperflogger"
  React-RCTActionSheet:
    :path: "../../../../node_modules/react-native/Libraries/ActionSheetIOS"
  React-RCTAnimation:
    :path: "../../../../node_modules/react-native/Libraries/NativeAnimation"
  React-RCTBlob:
    :path: "../../../../node_modules/react-native/Libraries/Blob"
  React-RCTImage:
    :path: "../../../../node_modules/react-native/Libraries/Image"
  React-RCTLinking:
    :path: "../../../../node_modules/react-native/Libraries/LinkingIOS"
  React-RCTNetwork:
    :path: "../../../../node_modules/react-native/Libraries/Network"
  React-RCTSettings:
    :path: "../../../../node_modules/react-native/Libraries/Settings"
  React-RCTText:
    :path: "../../../../node_modules/react-native/Libraries/Text"
  React-RCTVibration:
    :path: "../../../../node_modules/react-native/Libraries/Vibration"
  React-runtimeexecutor:
    :path: "../../../../node_modules/react-native/ReactCommon/runtimeexecutor"
  ReactCommon:
    :path: "../../../../node_modules/react-native/ReactCommon"
  ReactNativeKeyboardManager:
    :path: "../../node_modules/react-native-keyboard-manager"
  ReactNativeNavigation:
    :path: "../../node_modules/react-native-navigation"
  rn-fetch-blob:
    :path: "../../node_modules/rn-fetch-blob"
  RNCAsyncStorage:
    :path: "../../node_modules/@react-native-community/async-storage"
  RNFBApp:
    :path: "../../node_modules/@react-native-firebase/app"
  RNFBMessaging:
    :path: "../../node_modules/@react-native-firebase/messaging"
  RNFBPerf:
    :path: "../../node_modules/@react-native-firebase/perf"
  RNKeychain:
    :path: "../../node_modules/react-native-keychain"
  RNQuickAction:
    :path: "../../node_modules/react-native-quick-actions"
  RNSentry:
    :path: "../../node_modules/@sentry/react-native"
  UMAppLoader:
    :path: "../../node_modules/unimodules-app-loader/ios"
  UMCore:
    :path: "../../node_modules/@unimodules/core/ios"
  UMReactNativeAdapter:
    :path: "../../node_modules/@unimodules/react-native-adapter/ios"
  UMTaskManagerInterface:
    :path: "../../node_modules/unimodules-task-manager-interface/ios"
  Yoga:
    :path: "../../../../node_modules/react-native/ReactCommon/yoga"

SPEC CHECKSUMS:
  AppAuth: 31bcec809a638d7bd2f86ea8a52bd45f6e81e7c7
  Base64: cecfb41a004124895a7bcee567a89bae5a89d49b
  boost: a7c83b31436843459a1961bfd74b96033dc77234
  CocoaAsyncSocket: 065fd1e645c7abab64f7a6a2007a48038fdc6a99
  CodePush: f509246638a5ebe5209b08351e48a95093d1f307
  DoubleConversion: 831926d9b8bf8166fd87886c4abab286c2422662
  EXApplication: 9ff2a206009d6e55bca6c20b3f33d07986b51ef3
  EXBarCodeScanner: ea326d0d2f0b84d4fa2fb833d17e28eaff7f831b
  EXConstants: 3babb61f8f4bb7dffe85b8b7d6eaa31d903e4d7e
  EXFileSystem: 0a04aba8da751b9ac954065911bcf166503f8267
  EXHaptics: 6dc4307ab0794fe7a87ec8d7d1c299cf103d6cb3
  EXImageLoader: d3531a3fe530b22925c19977cb53bb43e3821fe6
  EXLocalAuthentication: 88a1a69ea66c4934387d1eb503628170c853caef
  EXNotifications: 171ccaf17643811673c78f4c4830560d6e5a92aa
  ExpoModulesCore: 2734852616127a6c1fc23012197890a6f3763dc7
  FBLazyVector: 6816ca39e1cc8beffd2a96783f518296789d1c48
  FBReactNativeSpec: 3b1e86618e902743fde35b40cf9ebd100fd655b7
  Firebase: 629510f1a9ddb235f3a7c5c8ceb23ba887f0f814
  FirebaseABTesting: 981336dd14d84787e33466e4247f77ec2343f8d9
  FirebaseCore: 98b29e3828f0a53651c363937a7f7d92a19f1ba2
  FirebaseCoreDiagnostics: fe77f42da6329d6d83d21fd9d621a6b704413bfc
  FirebaseInstallations: 2563cb18a723ef9c6ef18318a49519b75dce613c
  FirebaseMessaging: 419b5c9d84f294a753c6501d8cfb9ced1ce37304
  FirebasePerformance: 0c01a7a496657d7cea86d40c0b1725259d164c6c
  FirebaseRemoteConfig: f6365883d7950d784ee97bcdbbf1e442d4fa6119
  Flipper: bc940dd278ca91f9b2d36b6fac5c098a8906ffa2
  Flipper-Boost-iOSX: fd1e2b8cbef7e662a122412d7ac5f5bea715403c
  Flipper-DoubleConversion: 57ffbe81ef95306cc9e69c4aa3aeeeeb58a6a28c
  Flipper-Fmt: 60cbdd92fc254826e61d669a5d87ef7015396a9b
  Flipper-Folly: 83af37379faa69497529e414bd43fbfc7cae259a
  Flipper-Glog: 1dfd6abf1e922806c52ceb8701a3599a79a200a6
  Flipper-PeerTalk: 116d8f857dc6ef55c7a5a75ea3ceaafe878aadc9
  Flipper-RSocket: d9d9ade67cbecf6ac10730304bf5607266dd2541
  FlipperKit: b2c08dc00bd104315cf3d0fe2f4939b0b20b407a
  fmt: ff9d55029c625d3757ed641535fd4a75fedc7ce9
  glog: 5337263514dd6f09803962437687240c5dc39aa4
  GoogleDataTransport: 85fd18ff3019bb85d3f2c551d04c481dedf71fc9
  GoogleUtilities: 8de2a97a17e15b6b98e38e8770e2d129a57c0040
  hermes-engine: bf7577d12ac6ccf53ab8b5af3c6ccf0dd8458c5c
  Interactable: 411887c89fa16ac41f8e7898aca06dcad55e5f22
  IQKeyboardManagerSwift: 2dde0fc70110e8eac7ccce2a46fdbec6a850b414
  JWT: ef71dfb03e1f842081e64dc42eef0e164f35d251
  libevent: 4049cae6c81cdb3654a443be001fb9bdceff7913
  nanopb: a0ba3315591a9ae0a16a309ee504766e90db0c96
  OpenSSL-Universal: 1aa4f6a6ee7256b83db99ec1ccdaa80d10f9af9b
  PromisesObjC: 68159ce6952d93e17b2dfe273b8c40907db5ba58
  RCT-Folly: a21c126816d8025b547704b777a2ba552f3d9fa9
  RCTRequired: e4a18a90004e0ed97bba9081099104fd0f658dc9
  RCTTypeSafety: 8a3c31d38de58e1a6a7df6e4e643644a60b00e22
  React: 2b1d0dc3c23e01b754588a74a5b265282d9eb61e
  React-callinvoker: 57c195e780695285fa56e61efdbc0ca0e9204484
  React-Core: 45e4b3c57b0b5fdbb24bc6a63a964870c0405955
  React-CoreModules: d7bb1ae3436eddd85a7eb6d5e928f8c1655d87db
  React-cxxreact: 60c850e9997b21ee302757c36a460efc944183e7
  React-hermes: 80f8b14e571f240370dc55c2133783ee58f8e932
  React-jsi: 38d68cb1b53843703100830d530342b32f8e0878
  React-jsiexecutor: 6a05173dc0142abc582bd4edd2d23146b8cc218a
  React-jsinspector: be95ad424ba9f7b817aff22732eb9b1b810a000a
  React-logger: 9a9cd87d4ea681ae929b32ef580638ff1b50fb24
  react-native-app-auth: 0970add7ceaadc90d2ccd1d9e21916d33d203701
  react-native-cookies: 3a8a42a8703423669026731186b1765e40b81557
  react-native-flipper: 58bc8d50ff7b97cc461cdaf3639fa7f076dbfa76
  react-native-passkit-wallet: 51e3babdaeec4c10b5736786ebd1bfb470fcaa36
  react-native-pdf: ef641e79a6d550cfabe5d7ec1916799726514c43
  react-native-progress-view: 9e6b6a5305a9115c2157ae3b8852081aba0aab7c
  react-native-randombytes: 421f1c7d48c0af8dbcd471b0324393ebf8fe7846
  react-native-spotlight-search: a42542a7818d20f8d815b38436be538e85755330
  react-native-ultimate-config: 7301d864d5511016587ccc89bb8787e6fcf17723
  react-native-webview: d70bc760daaa0e2667dec569b93014882565819c
  React-perflogger: 1f554c2b684e2f484f9edcdfdaeedab039fbaca8
  React-RCTActionSheet: 610d5a5d71ab4808734782c8bca6a12ec3563672
  React-RCTAnimation: ec6ed97370ace32724c253f29f0586cafcab8126
  React-RCTBlob: b3270d498ff240f49c50e1bc950b6e5fd48886ba
  React-RCTImage: 23d5e26669b31230bea3fd99eb703af699e5d61a
  React-RCTLinking: edaaee9dee82b79e90e7b903d8913fa72284fbba
  React-RCTNetwork: e8825053dd1b5c2a0e1aa3cf1127750b624f90c0
  React-RCTSettings: 40d7ae987031c5dc561d11cd3a15cc1245a11d42
  React-RCTText: 6e104479d4f0bb593b4cf90b6fc6e5390c12ccde
  React-RCTVibration: 53b92d54b923283638cb0186da7a5c2d2b70a49b
  React-runtimeexecutor: 4bb657a97aa74568d9ed634c8bd478299bb8a3a6
  ReactCommon: eb059748e842a1a86025ebbd4ac9d99e74492f88
  ReactNativeKeyboardManager: 4fb4d82d670ec6c00e9a2d2cc576f7cbb14975d6
  ReactNativeNavigation: ec13f7391c5b0e01803abaa73ed1d084359509eb
  rn-fetch-blob: f065bb7ab7fb48dd002629f8bdcb0336602d3cba
  RNCAsyncStorage: b03032fdbdb725bea0bd9e5ec5a7272865ae7398
  RNFBApp: d11e8ae04b9b6230f3a28b70761f2edd185deaa8
  RNFBMessaging: dd0bd7d837b7b6b8e881248a2639af5dc36b28ef
  RNFBPerf: 9051a42c7fe834f29a6764a43cca3f4bd7e87cac
  RNKeychain: 4f63aada75ebafd26f4bc2c670199461eab85d94
  RNQuickAction: 6d404a869dc872cde841ad3147416a670d13fa93
  RNSentry: 49abc89b0190b4c8afe0fa5d065f98e36cb53233
  Sentry: 9a4e621430e2dae4477d791f2f7e905720b6efbf
  SSZipArchive: 62d4947b08730e4cda640473b0066d209ff033c9
  UMAppLoader: 21af63390e55c82e037fb9752d93114a80ecf16e
  UMCore: 573e838e2a2d5dfcb23506fd7d7db6dcc07c2fb3
  UMReactNativeAdapter: 42b3c2c40a9ca466d114188d69609e812ea28537
  UMTaskManagerInterface: 2be431101b73604e64fbfffcf759336f9d8fccbb
  Yoga: c11abbf5809216c91fcd62f5571078b83d9b6720
  YogaKit: f782866e155069a2cca2517aafea43200b01fd5a
  ZXingObjC: fdbb269f25dd2032da343e06f10224d62f537bdb

PODFILE CHECKSUM: 61621b69267462e4de7e78c28c100c047e87e474

COCOAPODS: 1.11.2
