dependencies:
- name: namespaces
  repository: file://libs/namespaces
  version: 0.0.1
- name: api-template
  repository: file://libs/api-template
  version: 0.0.1
- name: api-template
  repository: file://libs/api-template
  version: 0.0.1
- name: api-template
  repository: file://libs/api-template
  version: 0.0.1
- name: api-template
  repository: file://libs/api-template
  version: 0.0.1
- name: api-template
  repository: file://libs/api-template
  version: 0.0.1
- name: api-template
  repository: file://libs/api-template
  version: 0.0.1
- name: api-template
  repository: file://libs/api-template
  version: 0.0.1
- name: api-template
  repository: file://libs/api-template
  version: 0.0.1
- name: api-template
  repository: file://libs/api-template
  version: 0.0.1
- name: cronjob-template
  repository: file://libs/cronjob-template
  version: 0.0.1
- name: api-template
  repository: file://libs/api-template
  version: 0.0.1
- name: api-template
  repository: file://libs/api-template
  version: 0.0.1
- name: api-template
  repository: file://libs/api-template
  version: 0.0.1
- name: api-template
  repository: file://libs/api-template
  version: 0.0.1
- name: api-template
  repository: file://libs/api-template
  version: 0.0.1
- name: api-template
  repository: file://libs/api-template
  version: 0.0.1
- name: api-template
  repository: file://libs/api-template
  version: 0.0.1
- name: api-template
  repository: file://libs/api-template
  version: 0.0.1
- name: cronjob-template
  repository: file://libs/cronjob-template
  version: 0.0.1
- name: api-template
  repository: file://libs/api-template
  version: 0.0.1
- name: api-template
  repository: file://libs/api-template
  version: 0.0.1
- name: api-template
  repository: file://libs/api-template
  version: 0.0.1
- name: api-template
  repository: file://libs/api-template
  version: 0.0.1
- name: api-template
  repository: file://libs/api-template
  version: 0.0.1
- name: api-template
  repository: file://libs/api-template
  version: 0.0.1
- name: cronjob-template
  repository: file://libs/cronjob-template
  version: 0.0.1
- name: cronjob-template
  repository: file://libs/cronjob-template
  version: 0.0.1
- name: api-template
  repository: file://libs/api-template
  version: 0.0.1
- name: api-template
  repository: file://libs/api-template
  version: 0.0.1
- name: api-template
  repository: file://libs/api-template
  version: 0.0.1
- name: api-template
  repository: file://libs/api-template
  version: 0.0.1
- name: api-template
  repository: file://libs/api-template
  version: 0.0.1
- name: api-template
  repository: file://libs/api-template
  version: 0.0.1
- name: api-template
  repository: file://libs/api-template
  version: 0.0.1
- name: api-template
  repository: file://libs/api-template
  version: 0.0.1
- name: api-template
  repository: file://libs/api-template
  version: 0.0.1
- name: api-template
  repository: file://libs/api-template
  version: 0.0.1
- name: api-template
  repository: file://libs/api-template
  version: 0.0.1
- name: api-template
  repository: file://libs/api-template
  version: 0.0.1
digest: sha256:4a1d366fb8ddc48a860688bd2137eacb9693056372824c634eb3d40d32797247
generated: "2024-11-21T11:44:06.23465238Z"
