dependencies:
- name: namespaces
  repository: file://libs/namespaces
  version: 0.0.1
- name: api-template
  repository: file://libs/api-template
  version: 0.0.1
- name: api-template
  repository: file://libs/api-template
  version: 0.0.1
- name: api-template
  repository: file://libs/api-template
  version: 0.0.1
- name: api-template
  repository: file://libs/api-template
  version: 0.0.1
- name: api-template
  repository: file://libs/api-template
  version: 0.0.1
- name: api-template
  repository: file://libs/api-template
  version: 0.0.1
- name: api-template
  repository: file://libs/api-template
  version: 0.0.1
- name: api-template
  repository: file://libs/api-template
  version: 0.0.1
- name: api-template
  repository: file://libs/api-template
  version: 0.0.1
- name: cronjob-template
  repository: file://libs/cronjob-template
  version: 0.0.1
- name: api-template
  repository: file://libs/api-template
  version: 0.0.1
- name: api-template
  repository: file://libs/api-template
  version: 0.0.1
- name: api-template
  repository: file://libs/api-template
  version: 0.0.1
- name: api-template
  repository: file://libs/api-template
  version: 0.0.1
- name: api-template
  repository: file://libs/api-template
  version: 0.0.1
- name: api-template
  repository: file://libs/api-template
  version: 0.0.1
- name: api-template
  repository: file://libs/api-template
  version: 0.0.1
- name: api-template
  repository: file://libs/api-template
  version: 0.0.1
- name: api-template
  repository: file://libs/api-template
  version: 0.0.1
- name: cronjob-template
  repository: file://libs/cronjob-template
  version: 0.0.1
- name: api-template
  repository: file://libs/api-template
  version: 0.0.1
- name: api-template
  repository: file://libs/api-template
  version: 0.0.1
- name: api-template
  repository: file://libs/api-template
  version: 0.0.1
- name: api-template
  repository: file://libs/api-template
  version: 0.0.1
- name: api-template
  repository: file://libs/api-template
  version: 0.0.1
- name: api-template
  repository: file://libs/api-template
  version: 0.0.1
- name: cronjob-template
  repository: file://libs/cronjob-template
  version: 0.0.1
- name: cronjob-template
  repository: file://libs/cronjob-template
  version: 0.0.1
- name: api-template
  repository: file://libs/api-template
  version: 0.0.1
- name: api-template
  repository: file://libs/api-template
  version: 0.0.1
- name: api-template
  repository: file://libs/api-template
  version: 0.0.1
- name: api-template
  repository: file://libs/api-template
  version: 0.0.1
- name: api-template
  repository: file://libs/api-template
  version: 0.0.1
- name: api-template
  repository: file://libs/api-template
  version: 0.0.1
- name: api-template
  repository: file://libs/api-template
  version: 0.0.1
- name: api-template
  repository: file://libs/api-template
  version: 0.0.1
- name: api-template
  repository: file://libs/api-template
  version: 0.0.1
- name: api-template
  repository: file://libs/api-template
  version: 0.0.1
digest: sha256:63dafec11e21de30047c56295f84c3dfa452730e9c2916bc002383384fce8147
generated: "2023-09-15T17:17:24.88156Z"
